// !$*UTF8*$!
{
	archiveVersion = 1;
	classes = {
	};
	objectVersion = 46;
	objects = {

/* Begin PBXBuildFile section */
		A5EDA00FB591ED4DEAD02B97 /* JPModelMapManager.m in Sources */ = {isa = PBXBuildFile; fileRef = A5EDA595D6DC2C539224D378 /* JPModelMapManager.m */; };
		A5EDA04898D5A53B98B05C4F /* JPKitTest.m in Sources */ = {isa = PBXBuildFile; fileRef = A5EDA9FDEEBD20B7C1B225BD /* JPKitTest.m */; };
		A5EDA0774857A4DE8C34051C /* Person.m in Sources */ = {isa = PBXBuildFile; fileRef = A5EDA84CBEE40DEB41A19DCD /* Person.m */; };
		A5EDA0E68A205F98701D5E3D /* JPLinearLayoutView.m in Sources */ = {isa = PBXBuildFile; fileRef = A5EDA5EDE4EF71FF85AF0FA5 /* JPLinearLayoutView.m */; };
		A5EDA12147A7CA27CFEB00B3 /* NSObject+JPKitAdditions_AutoDescription.m in Sources */ = {isa = PBXBuildFile; fileRef = A5EDAEC92AB1A4E2A0A239E3 /* NSObject+JPKitAdditions_AutoDescription.m */; };
		A5EDA1611514B8D7BAE3163D /* JPTabBarController.m in Sources */ = {isa = PBXBuildFile; fileRef = A5EDAAF8C5D134DFC963B40A /* JPTabBarController.m */; };
		A5EDA1DC65DD2C07BC2E4272 /* UIView+JPKitAdditions.m in Sources */ = {isa = PBXBuildFile; fileRef = A5EDAE3C2AEB56F8306F655B /* UIView+JPKitAdditions.m */; };
		A5EDA20D7F7D5AF79BC8FBF3 /* JPNavigationController.m in Sources */ = {isa = PBXBuildFile; fileRef = A5EDA5049479239B2118AF79 /* JPNavigationController.m */; };
		A5EDA240F4AD055661C3042E /* UIView+JPKitAdditions_LayerShortcuts.m in Sources */ = {isa = PBXBuildFile; fileRef = A5EDA595A1A3569EDFD9E7D8 /* UIView+JPKitAdditions_LayerShortcuts.m */; };
		A5EDA2593991E581AA0770EF /* JPModelManager.m in Sources */ = {isa = PBXBuildFile; fileRef = A5EDAE69D4CD3D6FC536090C /* JPModelManager.m */; };
		A5EDA2ABCD7655B65F50B2E8 /* Tests_JPViewPlan.m in Sources */ = {isa = PBXBuildFile; fileRef = A5EDA2605EACB8A6E9786383 /* Tests_JPViewPlan.m */; };
		A5EDA2B8A3B21FDD158FDDFC /* UIView+JPKitAdditions_FrameShortcuts.m in Sources */ = {isa = PBXBuildFile; fileRef = A5EDA17D64E1024B3A217626 /* UIView+JPKitAdditions_FrameShortcuts.m */; };
		A5EDA2CDF3210C29611C6C53 /* Tests_UIColor_JPKitAdditions.m in Sources */ = {isa = PBXBuildFile; fileRef = A5EDA29D9525131DAFCE5B0E /* Tests_UIColor_JPKitAdditions.m */; };
		A5EDA36067D6694274F39363 /* JPModelMapManager.m in Sources */ = {isa = PBXBuildFile; fileRef = A5EDA595D6DC2C539224D378 /* JPModelMapManager.m */; };
		A5EDA361C34962083D70962D /* Tests_JPModels.m in Sources */ = {isa = PBXBuildFile; fileRef = A5EDA444DD9D7A9F2BCC16E8 /* Tests_JPModels.m */; };
		A5EDA3DC9E4C2BF3C5881087 /* JPLinearLayoutItem.m in Sources */ = {isa = PBXBuildFile; fileRef = A5EDA04E75B2DEB4C3EAA3D3 /* JPLinearLayoutItem.m */; };
		A5EDA4422B3806322B7E5E0A /* JPTabBarItem.m in Sources */ = {isa = PBXBuildFile; fileRef = A5EDA8F49435948AF76F42EF /* JPTabBarItem.m */; };
		A5EDA456C020CB260E6AF684 /* JPKitTest.m in Sources */ = {isa = PBXBuildFile; fileRef = A5EDA9FDEEBD20B7C1B225BD /* JPKitTest.m */; };
		A5EDA48642D001611B5D6EE9 /* NSObject+JPKitAdditions_Reflection.m in Sources */ = {isa = PBXBuildFile; fileRef = A5EDA3E553B1ED851D3840CD /* NSObject+JPKitAdditions_Reflection.m */; };
		A5EDA49D8F221FAE4F4A2260 /* JPModelManager.m in Sources */ = {isa = PBXBuildFile; fileRef = A5EDAE69D4CD3D6FC536090C /* JPModelManager.m */; };
		A5EDA55528D7F02D19DFE4AB /* JPViewPlan.m in Sources */ = {isa = PBXBuildFile; fileRef = A5EDA03525B3C62DE1E1BC7D /* JPViewPlan.m */; };
		A5EDA5C7871EBDB618EF4581 /* UIViewController+JPKitAdditions.m in Sources */ = {isa = PBXBuildFile; fileRef = A5EDA535775D01699FD79333 /* UIViewController+JPKitAdditions.m */; };
		A5EDA651501C4E11712B6032 /* Tests_NSObject_JPKitAdditions_AutoDescription.m in Sources */ = {isa = PBXBuildFile; fileRef = A5EDAB435EF601F57ADFE413 /* Tests_NSObject_JPKitAdditions_AutoDescription.m */; };
		A5EDA651C06B8A6EA80DC53A /* JPTabBar.m in Sources */ = {isa = PBXBuildFile; fileRef = A5EDA455A36C932A65FD80DD /* JPTabBar.m */; };
		A5EDA7A6036D0270AAF6A1F5 /* UILabel+JPKitAdditions.m in Sources */ = {isa = PBXBuildFile; fileRef = A5EDA47EDFE2B44D31829311 /* UILabel+JPKitAdditions.m */; };
		A5EDA80EC888ABB508B8B3C3 /* NSString+JPKitAdditions.m in Sources */ = {isa = PBXBuildFile; fileRef = A5EDAEF8B12E42793377048C /* NSString+JPKitAdditions.m */; };
		A5EDA8C77DB30D03CF46B418 /* UIView+JPKitAdditions_FrameShortcuts.m in Sources */ = {isa = PBXBuildFile; fileRef = A5EDA17D64E1024B3A217626 /* UIView+JPKitAdditions_FrameShortcuts.m */; };
		A5EDAA0CE9D648D1D54B0B33 /* NSDictionary+JPKitAdditions.m in Sources */ = {isa = PBXBuildFile; fileRef = A5EDA0B01C30C489FBEB99DE /* NSDictionary+JPKitAdditions.m */; };
		A5EDAAA11B1673A4C2E20DDB /* JPViewPlan.m in Sources */ = {isa = PBXBuildFile; fileRef = A5EDA03525B3C62DE1E1BC7D /* JPViewPlan.m */; };
		A5EDAAB8D4360C736591C64C /* NSObject+JPKitAdditions_Reflection.m in Sources */ = {isa = PBXBuildFile; fileRef = A5EDA3E553B1ED851D3840CD /* NSObject+JPKitAdditions_Reflection.m */; };
		A5EDAC5D7A8744D9B25F627F /* JPModelMap.m in Sources */ = {isa = PBXBuildFile; fileRef = A5EDA8CE7524EB485F57E63E /* JPModelMap.m */; };
		A5EDAC724751D64EC8D1F475 /* NSObject+JPKitAdditions_AutoDescription.m in Sources */ = {isa = PBXBuildFile; fileRef = A5EDAEC92AB1A4E2A0A239E3 /* NSObject+JPKitAdditions_AutoDescription.m */; };
		A5EDACEB65203A083AE98089 /* NSObject+JPKitAdditions_Tagging.m in Sources */ = {isa = PBXBuildFile; fileRef = A5EDAB59128F6F49E7CC691F /* NSObject+JPKitAdditions_Tagging.m */; };
		A5EDAD2D5A1D2A44830B4F57 /* UIView+JPKitAdditions_LayerShortcuts.m in Sources */ = {isa = PBXBuildFile; fileRef = A5EDA595A1A3569EDFD9E7D8 /* UIView+JPKitAdditions_LayerShortcuts.m */; };
		A5EDAE47583ED082BAB709B1 /* NSDictionary+JPKitAdditions.m in Sources */ = {isa = PBXBuildFile; fileRef = A5EDA0B01C30C489FBEB99DE /* NSDictionary+JPKitAdditions.m */; };
		A5EDAEB30D00E61D99248B25 /* UIViewController+JPNavigationController.m in Sources */ = {isa = PBXBuildFile; fileRef = A5EDA8D000322A508D598AF1 /* UIViewController+JPNavigationController.m */; };
		A5EDAF61328F76F2C180EFE7 /* NSString+JPKitAdditions.m in Sources */ = {isa = PBXBuildFile; fileRef = A5EDAEF8B12E42793377048C /* NSString+JPKitAdditions.m */; };
		A5EDAFBA8D81883AC63A3307 /* Tests_UIView_JPKitFrameAdditions.m in Sources */ = {isa = PBXBuildFile; fileRef = A5EDAA44A679332EBA11E176 /* Tests_UIView_JPKitFrameAdditions.m */; };
		A5EDAFE4A026859208A8A83C /* JPTextField.m in Sources */ = {isa = PBXBuildFile; fileRef = A5EDA2E44F37F2CEF3061405 /* JPTextField.m */; };
		A5EDAFFC4EDB36415E7B40E9 /* JPModelMap.m in Sources */ = {isa = PBXBuildFile; fileRef = A5EDA8CE7524EB485F57E63E /* JPModelMap.m */; };
		F04A63751903581E00CA5FD7 /* Foundation.framework in Frameworks */ = {isa = PBXBuildFile; fileRef = F04A63741903581E00CA5FD7 /* Foundation.framework */; };
		F04A63831903581F00CA5FD7 /* XCTest.framework in Frameworks */ = {isa = PBXBuildFile; fileRef = F04A63821903581F00CA5FD7 /* XCTest.framework */; };
		F04A63841903581F00CA5FD7 /* Foundation.framework in Frameworks */ = {isa = PBXBuildFile; fileRef = F04A63741903581E00CA5FD7 /* Foundation.framework */; };
		F04A63861903581F00CA5FD7 /* UIKit.framework in Frameworks */ = {isa = PBXBuildFile; fileRef = F04A63851903581F00CA5FD7 /* UIKit.framework */; };
		F04A63891903581F00CA5FD7 /* libJPKit.a in Frameworks */ = {isa = PBXBuildFile; fileRef = F04A63711903581E00CA5FD7 /* libJPKit.a */; };
		F04A638F1903581F00CA5FD7 /* InfoPlist.strings in Resources */ = {isa = PBXBuildFile; fileRef = F04A638D1903581F00CA5FD7 /* InfoPlist.strings */; };
		F09C7E8E1A1C190600CEEBD3 /* JPLinearLayoutView.h in CopyFiles */ = {isa = PBXBuildFile; fileRef = A5EDAACB5AD1C9DCB6E004DB /* JPLinearLayoutView.h */; };
		F09C7E8F1A1C190600CEEBD3 /* JPLinearLayoutItem.h in CopyFiles */ = {isa = PBXBuildFile; fileRef = A5EDA4B58915AF6B67E16DD3 /* JPLinearLayoutItem.h */; };
		F0AC84DB1908E542009971BB /* people.json in Resources */ = {isa = PBXBuildFile; fileRef = F0AC84DA1908E542009971BB /* people.json */; };
		F0CEF4A619D7A723000DCA2D /* JPKit.h in CopyFiles */ = {isa = PBXBuildFile; fileRef = F04A63791903581E00CA5FD7 /* JPKit.h */; };
		F0CEF4A719D7A723000DCA2D /* JPNavigationController.h in CopyFiles */ = {isa = PBXBuildFile; fileRef = A5EDAE2189D2D5EFF372DE0F /* JPNavigationController.h */; };
		F0CEF4A819D7A723000DCA2D /* JPTabBarController.h in CopyFiles */ = {isa = PBXBuildFile; fileRef = A5EDA424601C3B3B481DBFD3 /* JPTabBarController.h */; };
		F0CEF4A919D7A723000DCA2D /* JPTabBar.h in CopyFiles */ = {isa = PBXBuildFile; fileRef = A5EDAC169DD0397867E429E2 /* JPTabBar.h */; };
		F0CEF4AA19D7A723000DCA2D /* JPTabBarItem.h in CopyFiles */ = {isa = PBXBuildFile; fileRef = A5EDA567216FD3C50B514220 /* JPTabBarItem.h */; };
		F0CEF4AB19D7A723000DCA2D /* JPCocoaCategories.h in CopyFiles */ = {isa = PBXBuildFile; fileRef = F08D677419B018C900214381 /* JPCocoaCategories.h */; };
		F0CEF4AC19D7A723000DCA2D /* NSDictionary+JPKitAdditions.h in CopyFiles */ = {isa = PBXBuildFile; fileRef = A5EDA716EBAFF718882B7D18 /* NSDictionary+JPKitAdditions.h */; };
		F0CEF4AD19D7A723000DCA2D /* NSObject+JPKitAdditions_AutoDescription.h in CopyFiles */ = {isa = PBXBuildFile; fileRef = A5EDAD482C02E1D9A831DB97 /* NSObject+JPKitAdditions_AutoDescription.h */; };
		F0CEF4AE19D7A723000DCA2D /* NSObject+JPKitAdditions_Reflection.h in CopyFiles */ = {isa = PBXBuildFile; fileRef = A5EDA8D8FF820ED13FB73892 /* NSObject+JPKitAdditions_Reflection.h */; };
		F0CEF4AF19D7A723000DCA2D /* NSObject+JPKitAdditions.h in CopyFiles */ = {isa = PBXBuildFile; fileRef = F08D677719B0197400214381 /* NSObject+JPKitAdditions.h */; };
		F0CEF4B019D7A723000DCA2D /* NSObject+JPKitAdditions_Tagging.h in CopyFiles */ = {isa = PBXBuildFile; fileRef = A5EDA98A8DF272291653FC63 /* NSObject+JPKitAdditions_Tagging.h */; };
		F0CEF4B119D7A723000DCA2D /* NSString+JPKitAdditions.h in CopyFiles */ = {isa = PBXBuildFile; fileRef = A5EDACF378A060BCFD97DB9A /* NSString+JPKitAdditions.h */; };
		F0CEF4B219D7A723000DCA2D /* UIColor+JPKitAdditions.h in CopyFiles */ = {isa = PBXBuildFile; fileRef = F0F1C668191C988100F2022F /* UIColor+JPKitAdditions.h */; };
		F0CEF4B319D7A723000DCA2D /* UIView+JPKitAdditions_FrameShortcuts.h in CopyFiles */ = {isa = PBXBuildFile; fileRef = A5EDA1D9BA12F07C30444100 /* UIView+JPKitAdditions_FrameShortcuts.h */; };
		F0CEF4B419D7A723000DCA2D /* UIView+JPKitAdditions_LayerShortcuts.h in CopyFiles */ = {isa = PBXBuildFile; fileRef = A5EDAF82FF3BA72D12B71F6E /* UIView+JPKitAdditions_LayerShortcuts.h */; };
		F0CEF4B519D7A723000DCA2D /* UIView+JPKitAdditions.h in CopyFiles */ = {isa = PBXBuildFile; fileRef = F08D677619B018F200214381 /* UIView+JPKitAdditions.h */; };
		F0CEF4B619D7A723000DCA2D /* UILabel+JPKitAdditions.h in CopyFiles */ = {isa = PBXBuildFile; fileRef = A5EDA5FC2E763BB630E183DC /* UILabel+JPKitAdditions.h */; };
		F0CEF4B719D7A723000DCA2D /* UIViewController+JPKitAdditions.h in CopyFiles */ = {isa = PBXBuildFile; fileRef = A5EDA48505B195EA17046FEA /* UIViewController+JPKitAdditions.h */; };
		F0CEF4B819D7A723000DCA2D /* UIViewController+JPNavigationController.h in CopyFiles */ = {isa = PBXBuildFile; fileRef = A5EDAD61F6809FA854F98F64 /* UIViewController+JPNavigationController.h */; };
		F0CEF4B919D7A723000DCA2D /* JPModel.h in CopyFiles */ = {isa = PBXBuildFile; fileRef = A5EDA8C6D995993863A31C52 /* JPModel.h */; };
		F0CEF4BA19D7A723000DCA2D /* JPModelManager.h in CopyFiles */ = {isa = PBXBuildFile; fileRef = A5EDAF7B3C805B77294A426A /* JPModelManager.h */; };
		F0CEF4BB19D7A723000DCA2D /* JPModelMap.h in CopyFiles */ = {isa = PBXBuildFile; fileRef = A5EDA95EBBE6A4266E22038F /* JPModelMap.h */; };
		F0CEF4BC19D7A723000DCA2D /* JPModelMapManager.h in CopyFiles */ = {isa = PBXBuildFile; fileRef = A5EDA643D16679EFC2700DF4 /* JPModelMapManager.h */; };
		F0CEF4BD19D7A72F000DCA2D /* JPViewPlan.h in CopyFiles */ = {isa = PBXBuildFile; fileRef = A5EDADF6BF14300090AD2FB8 /* JPViewPlan.h */; };
		F0CEF4C219D8F298000DCA2D /* JPTextField.h in CopyFiles */ = {isa = PBXBuildFile; fileRef = A5EDA1D71E372C3AE9DD5858 /* JPTextField.h */; };
		F0F1C655190B8C1D00F2022F /* JPModel.m in Sources */ = {isa = PBXBuildFile; fileRef = A5EDA63E6F12F963F79F559B /* JPModel.m */; };
		F0F1C656190B8C1F00F2022F /* JPModel.m in Sources */ = {isa = PBXBuildFile; fileRef = A5EDA63E6F12F963F79F559B /* JPModel.m */; };
		F0F1C66A191C988600F2022F /* UIColor+JPKitAdditions.m in Sources */ = {isa = PBXBuildFile; fileRef = A5EDADDA4C4D8AD6B46783EA /* UIColor+JPKitAdditions.m */; };
		F0F1C66B191C988600F2022F /* UIColor+JPKitAdditions.m in Sources */ = {isa = PBXBuildFile; fileRef = A5EDADDA4C4D8AD6B46783EA /* UIColor+JPKitAdditions.m */; };
/* End PBXBuildFile section */

/* Begin PBXContainerItemProxy section */
		F04A63871903581F00CA5FD7 /* PBXContainerItemProxy */ = {
			isa = PBXContainerItemProxy;
			containerPortal = F04A63691903581E00CA5FD7 /* Project object */;
			proxyType = 1;
			remoteGlobalIDString = F04A63701903581E00CA5FD7;
			remoteInfo = JPKit;
		};
/* End PBXContainerItemProxy section */

/* Begin PBXCopyFilesBuildPhase section */
		F0CEF4A519D7A6BE000DCA2D /* CopyFiles */ = {
			isa = PBXCopyFilesBuildPhase;
			buildActionMask = 2147483647;
			dstPath = "include/${PRODUCT_NAME}";
			dstSubfolderSpec = 16;
			files = (
				F09C7E8E1A1C190600CEEBD3 /* JPLinearLayoutView.h in CopyFiles */,
				F09C7E8F1A1C190600CEEBD3 /* JPLinearLayoutItem.h in CopyFiles */,
				F0CEF4C219D8F298000DCA2D /* JPTextField.h in CopyFiles */,
				F0CEF4BD19D7A72F000DCA2D /* JPViewPlan.h in CopyFiles */,
				F0CEF4A619D7A723000DCA2D /* JPKit.h in CopyFiles */,
				F0CEF4A719D7A723000DCA2D /* JPNavigationController.h in CopyFiles */,
				F0CEF4A819D7A723000DCA2D /* JPTabBarController.h in CopyFiles */,
				F0CEF4A919D7A723000DCA2D /* JPTabBar.h in CopyFiles */,
				F0CEF4AA19D7A723000DCA2D /* JPTabBarItem.h in CopyFiles */,
				F0CEF4AB19D7A723000DCA2D /* JPCocoaCategories.h in CopyFiles */,
				F0CEF4AC19D7A723000DCA2D /* NSDictionary+JPKitAdditions.h in CopyFiles */,
				F0CEF4AD19D7A723000DCA2D /* NSObject+JPKitAdditions_AutoDescription.h in CopyFiles */,
				F0CEF4AE19D7A723000DCA2D /* NSObject+JPKitAdditions_Reflection.h in CopyFiles */,
				F0CEF4AF19D7A723000DCA2D /* NSObject+JPKitAdditions.h in CopyFiles */,
				F0CEF4B019D7A723000DCA2D /* NSObject+JPKitAdditions_Tagging.h in CopyFiles */,
				F0CEF4B119D7A723000DCA2D /* NSString+JPKitAdditions.h in CopyFiles */,
				F0CEF4B219D7A723000DCA2D /* UIColor+JPKitAdditions.h in CopyFiles */,
				F0CEF4B319D7A723000DCA2D /* UIView+JPKitAdditions_FrameShortcuts.h in CopyFiles */,
				F0CEF4B419D7A723000DCA2D /* UIView+JPKitAdditions_LayerShortcuts.h in CopyFiles */,
				F0CEF4B519D7A723000DCA2D /* UIView+JPKitAdditions.h in CopyFiles */,
				F0CEF4B619D7A723000DCA2D /* UILabel+JPKitAdditions.h in CopyFiles */,
				F0CEF4B719D7A723000DCA2D /* UIViewController+JPKitAdditions.h in CopyFiles */,
				F0CEF4B819D7A723000DCA2D /* UIViewController+JPNavigationController.h in CopyFiles */,
				F0CEF4B919D7A723000DCA2D /* JPModel.h in CopyFiles */,
				F0CEF4BA19D7A723000DCA2D /* JPModelManager.h in CopyFiles */,
				F0CEF4BB19D7A723000DCA2D /* JPModelMap.h in CopyFiles */,
				F0CEF4BC19D7A723000DCA2D /* JPModelMapManager.h in CopyFiles */,
			);
			runOnlyForDeploymentPostprocessing = 0;
		};
/* End PBXCopyFilesBuildPhase section */

/* Begin PBXFileReference section */
		A5EDA03525B3C62DE1E1BC7D /* JPViewPlan.m */ = {isa = PBXFileReference; fileEncoding = 4; lastKnownFileType = sourcecode.c.objc; path = JPViewPlan.m; sourceTree = "<group>"; };
		A5EDA04E75B2DEB4C3EAA3D3 /* JPLinearLayoutItem.m */ = {isa = PBXFileReference; fileEncoding = 4; lastKnownFileType = sourcecode.c.objc; path = JPLinearLayoutItem.m; sourceTree = "<group>"; };
		A5EDA0B01C30C489FBEB99DE /* NSDictionary+JPKitAdditions.m */ = {isa = PBXFileReference; fileEncoding = 4; lastKnownFileType = sourcecode.c.objc; path = "NSDictionary+JPKitAdditions.m"; sourceTree = "<group>"; };
		A5EDA17D64E1024B3A217626 /* UIView+JPKitAdditions_FrameShortcuts.m */ = {isa = PBXFileReference; fileEncoding = 4; lastKnownFileType = sourcecode.c.objc; path = "UIView+JPKitAdditions_FrameShortcuts.m"; sourceTree = "<group>"; };
		A5EDA1D71E372C3AE9DD5858 /* JPTextField.h */ = {isa = PBXFileReference; fileEncoding = 4; lastKnownFileType = sourcecode.c.h; path = JPTextField.h; sourceTree = "<group>"; };
		A5EDA1D9BA12F07C30444100 /* UIView+JPKitAdditions_FrameShortcuts.h */ = {isa = PBXFileReference; fileEncoding = 4; lastKnownFileType = sourcecode.c.h; path = "UIView+JPKitAdditions_FrameShortcuts.h"; sourceTree = "<group>"; };
		A5EDA2605EACB8A6E9786383 /* Tests_JPViewPlan.m */ = {isa = PBXFileReference; fileEncoding = 4; lastKnownFileType = sourcecode.c.objc; path = Tests_JPViewPlan.m; sourceTree = "<group>"; };
		A5EDA29D9525131DAFCE5B0E /* Tests_UIColor_JPKitAdditions.m */ = {isa = PBXFileReference; fileEncoding = 4; lastKnownFileType = sourcecode.c.objc; path = Tests_UIColor_JPKitAdditions.m; sourceTree = "<group>"; };
		A5EDA2A1ED1DC5068ECE431D /* JPKitTest.h */ = {isa = PBXFileReference; fileEncoding = 4; lastKnownFileType = sourcecode.c.h; path = JPKitTest.h; sourceTree = "<group>"; };
		A5EDA2E44F37F2CEF3061405 /* JPTextField.m */ = {isa = PBXFileReference; fileEncoding = 4; lastKnownFileType = sourcecode.c.objc; path = JPTextField.m; sourceTree = "<group>"; };
		A5EDA3E553B1ED851D3840CD /* NSObject+JPKitAdditions_Reflection.m */ = {isa = PBXFileReference; fileEncoding = 4; lastKnownFileType = sourcecode.c.objc; path = "NSObject+JPKitAdditions_Reflection.m"; sourceTree = "<group>"; };
		A5EDA424601C3B3B481DBFD3 /* JPTabBarController.h */ = {isa = PBXFileReference; fileEncoding = 4; lastKnownFileType = sourcecode.c.h; path = JPTabBarController.h; sourceTree = "<group>"; };
		A5EDA444DD9D7A9F2BCC16E8 /* Tests_JPModels.m */ = {isa = PBXFileReference; fileEncoding = 4; lastKnownFileType = sourcecode.c.objc; path = Tests_JPModels.m; sourceTree = "<group>"; };
		A5EDA455A36C932A65FD80DD /* JPTabBar.m */ = {isa = PBXFileReference; fileEncoding = 4; lastKnownFileType = sourcecode.c.objc; path = JPTabBar.m; sourceTree = "<group>"; };
		A5EDA47EDFE2B44D31829311 /* UILabel+JPKitAdditions.m */ = {isa = PBXFileReference; fileEncoding = 4; lastKnownFileType = sourcecode.c.objc; path = "UILabel+JPKitAdditions.m"; sourceTree = "<group>"; };
		A5EDA48505B195EA17046FEA /* UIViewController+JPKitAdditions.h */ = {isa = PBXFileReference; fileEncoding = 4; lastKnownFileType = sourcecode.c.h; path = "UIViewController+JPKitAdditions.h"; sourceTree = "<group>"; };
		A5EDA4B58915AF6B67E16DD3 /* JPLinearLayoutItem.h */ = {isa = PBXFileReference; fileEncoding = 4; lastKnownFileType = sourcecode.c.h; path = JPLinearLayoutItem.h; sourceTree = "<group>"; };
		A5EDA5049479239B2118AF79 /* JPNavigationController.m */ = {isa = PBXFileReference; fileEncoding = 4; lastKnownFileType = sourcecode.c.objc; path = JPNavigationController.m; sourceTree = "<group>"; };
		A5EDA535775D01699FD79333 /* UIViewController+JPKitAdditions.m */ = {isa = PBXFileReference; fileEncoding = 4; lastKnownFileType = sourcecode.c.objc; path = "UIViewController+JPKitAdditions.m"; sourceTree = "<group>"; };
		A5EDA567216FD3C50B514220 /* JPTabBarItem.h */ = {isa = PBXFileReference; fileEncoding = 4; lastKnownFileType = sourcecode.c.h; path = JPTabBarItem.h; sourceTree = "<group>"; };
		A5EDA595A1A3569EDFD9E7D8 /* UIView+JPKitAdditions_LayerShortcuts.m */ = {isa = PBXFileReference; fileEncoding = 4; lastKnownFileType = sourcecode.c.objc; path = "UIView+JPKitAdditions_LayerShortcuts.m"; sourceTree = "<group>"; };
		A5EDA595D6DC2C539224D378 /* JPModelMapManager.m */ = {isa = PBXFileReference; fileEncoding = 4; lastKnownFileType = sourcecode.c.objc; path = JPModelMapManager.m; sourceTree = "<group>"; };
		A5EDA5EDE4EF71FF85AF0FA5 /* JPLinearLayoutView.m */ = {isa = PBXFileReference; fileEncoding = 4; lastKnownFileType = sourcecode.c.objc; path = JPLinearLayoutView.m; sourceTree = "<group>"; };
		A5EDA5FC2E763BB630E183DC /* UILabel+JPKitAdditions.h */ = {isa = PBXFileReference; fileEncoding = 4; lastKnownFileType = sourcecode.c.h; path = "UILabel+JPKitAdditions.h"; sourceTree = "<group>"; };
		A5EDA63E6F12F963F79F559B /* JPModel.m */ = {isa = PBXFileReference; fileEncoding = 4; lastKnownFileType = sourcecode.c.objc; path = JPModel.m; sourceTree = "<group>"; };
		A5EDA643D16679EFC2700DF4 /* JPModelMapManager.h */ = {isa = PBXFileReference; fileEncoding = 4; lastKnownFileType = sourcecode.c.h; path = JPModelMapManager.h; sourceTree = "<group>"; };
		A5EDA716EBAFF718882B7D18 /* NSDictionary+JPKitAdditions.h */ = {isa = PBXFileReference; fileEncoding = 4; lastKnownFileType = sourcecode.c.h; path = "NSDictionary+JPKitAdditions.h"; sourceTree = "<group>"; };
		A5EDA84CBEE40DEB41A19DCD /* Person.m */ = {isa = PBXFileReference; fileEncoding = 4; lastKnownFileType = sourcecode.c.objc; path = Person.m; sourceTree = "<group>"; };
		A5EDA8C6D995993863A31C52 /* JPModel.h */ = {isa = PBXFileReference; fileEncoding = 4; lastKnownFileType = sourcecode.c.h; path = JPModel.h; sourceTree = "<group>"; };
		A5EDA8CE7524EB485F57E63E /* JPModelMap.m */ = {isa = PBXFileReference; fileEncoding = 4; lastKnownFileType = sourcecode.c.objc; path = JPModelMap.m; sourceTree = "<group>"; };
		A5EDA8D000322A508D598AF1 /* UIViewController+JPNavigationController.m */ = {isa = PBXFileReference; fileEncoding = 4; lastKnownFileType = sourcecode.c.objc; path = "UIViewController+JPNavigationController.m"; sourceTree = "<group>"; };
		A5EDA8D8FF820ED13FB73892 /* NSObject+JPKitAdditions_Reflection.h */ = {isa = PBXFileReference; fileEncoding = 4; lastKnownFileType = sourcecode.c.h; path = "NSObject+JPKitAdditions_Reflection.h"; sourceTree = "<group>"; };
		A5EDA8F49435948AF76F42EF /* JPTabBarItem.m */ = {isa = PBXFileReference; fileEncoding = 4; lastKnownFileType = sourcecode.c.objc; path = JPTabBarItem.m; sourceTree = "<group>"; };
		A5EDA95EBBE6A4266E22038F /* JPModelMap.h */ = {isa = PBXFileReference; fileEncoding = 4; lastKnownFileType = sourcecode.c.h; path = JPModelMap.h; sourceTree = "<group>"; };
		A5EDA98A8DF272291653FC63 /* NSObject+JPKitAdditions_Tagging.h */ = {isa = PBXFileReference; fileEncoding = 4; lastKnownFileType = sourcecode.c.h; path = "NSObject+JPKitAdditions_Tagging.h"; sourceTree = "<group>"; };
		A5EDA9FDEEBD20B7C1B225BD /* JPKitTest.m */ = {isa = PBXFileReference; fileEncoding = 4; lastKnownFileType = sourcecode.c.objc; path = JPKitTest.m; sourceTree = "<group>"; };
		A5EDAA44A679332EBA11E176 /* Tests_UIView_JPKitFrameAdditions.m */ = {isa = PBXFileReference; fileEncoding = 4; lastKnownFileType = sourcecode.c.objc; path = Tests_UIView_JPKitFrameAdditions.m; sourceTree = "<group>"; };
		A5EDAACB5AD1C9DCB6E004DB /* JPLinearLayoutView.h */ = {isa = PBXFileReference; fileEncoding = 4; lastKnownFileType = sourcecode.c.h; path = JPLinearLayoutView.h; sourceTree = "<group>"; };
		A5EDAAF8C5D134DFC963B40A /* JPTabBarController.m */ = {isa = PBXFileReference; fileEncoding = 4; lastKnownFileType = sourcecode.c.objc; path = JPTabBarController.m; sourceTree = "<group>"; };
		A5EDAB435EF601F57ADFE413 /* Tests_NSObject_JPKitAdditions_AutoDescription.m */ = {isa = PBXFileReference; fileEncoding = 4; lastKnownFileType = sourcecode.c.objc; path = Tests_NSObject_JPKitAdditions_AutoDescription.m; sourceTree = "<group>"; };
		A5EDAB59128F6F49E7CC691F /* NSObject+JPKitAdditions_Tagging.m */ = {isa = PBXFileReference; fileEncoding = 4; lastKnownFileType = sourcecode.c.objc; path = "NSObject+JPKitAdditions_Tagging.m"; sourceTree = "<group>"; };
		A5EDAC169DD0397867E429E2 /* JPTabBar.h */ = {isa = PBXFileReference; fileEncoding = 4; lastKnownFileType = sourcecode.c.h; path = JPTabBar.h; sourceTree = "<group>"; };
		A5EDACF378A060BCFD97DB9A /* NSString+JPKitAdditions.h */ = {isa = PBXFileReference; fileEncoding = 4; lastKnownFileType = sourcecode.c.h; lineEnding = 0; path = "NSString+JPKitAdditions.h"; sourceTree = "<group>"; };
		A5EDAD482C02E1D9A831DB97 /* NSObject+JPKitAdditions_AutoDescription.h */ = {isa = PBXFileReference; fileEncoding = 4; lastKnownFileType = sourcecode.c.h; path = "NSObject+JPKitAdditions_AutoDescription.h"; sourceTree = "<group>"; };
		A5EDAD61F6809FA854F98F64 /* UIViewController+JPNavigationController.h */ = {isa = PBXFileReference; fileEncoding = 4; lastKnownFileType = sourcecode.c.h; path = "UIViewController+JPNavigationController.h"; sourceTree = "<group>"; };
		A5EDADDA4C4D8AD6B46783EA /* UIColor+JPKitAdditions.m */ = {isa = PBXFileReference; fileEncoding = 4; lastKnownFileType = sourcecode.c.objc; path = "UIColor+JPKitAdditions.m"; sourceTree = "<group>"; };
		A5EDADF6BF14300090AD2FB8 /* JPViewPlan.h */ = {isa = PBXFileReference; fileEncoding = 4; lastKnownFileType = sourcecode.c.h; path = JPViewPlan.h; sourceTree = "<group>"; };
		A5EDAE2189D2D5EFF372DE0F /* JPNavigationController.h */ = {isa = PBXFileReference; fileEncoding = 4; lastKnownFileType = sourcecode.c.h; path = JPNavigationController.h; sourceTree = "<group>"; };
		A5EDAE3C2AEB56F8306F655B /* UIView+JPKitAdditions.m */ = {isa = PBXFileReference; fileEncoding = 4; lastKnownFileType = sourcecode.c.objc; path = "UIView+JPKitAdditions.m"; sourceTree = "<group>"; };
		A5EDAE3D98583C2416F82BFF /* Person.h */ = {isa = PBXFileReference; fileEncoding = 4; lastKnownFileType = sourcecode.c.h; path = Person.h; sourceTree = "<group>"; };
		A5EDAE69D4CD3D6FC536090C /* JPModelManager.m */ = {isa = PBXFileReference; fileEncoding = 4; lastKnownFileType = sourcecode.c.objc; path = JPModelManager.m; sourceTree = "<group>"; };
		A5EDAEC92AB1A4E2A0A239E3 /* NSObject+JPKitAdditions_AutoDescription.m */ = {isa = PBXFileReference; fileEncoding = 4; lastKnownFileType = sourcecode.c.objc; path = "NSObject+JPKitAdditions_AutoDescription.m"; sourceTree = "<group>"; };
		A5EDAEF8B12E42793377048C /* NSString+JPKitAdditions.m */ = {isa = PBXFileReference; fileEncoding = 4; lastKnownFileType = sourcecode.c.objc; path = "NSString+JPKitAdditions.m"; sourceTree = "<group>"; };
		A5EDAF7B3C805B77294A426A /* JPModelManager.h */ = {isa = PBXFileReference; fileEncoding = 4; lastKnownFileType = sourcecode.c.h; path = JPModelManager.h; sourceTree = "<group>"; };
		A5EDAF82FF3BA72D12B71F6E /* UIView+JPKitAdditions_LayerShortcuts.h */ = {isa = PBXFileReference; fileEncoding = 4; lastKnownFileType = sourcecode.c.h; path = "UIView+JPKitAdditions_LayerShortcuts.h"; sourceTree = "<group>"; };
		F04A63711903581E00CA5FD7 /* libJPKit.a */ = {isa = PBXFileReference; explicitFileType = archive.ar; includeInIndex = 0; path = libJPKit.a; sourceTree = BUILT_PRODUCTS_DIR; };
		F04A63741903581E00CA5FD7 /* Foundation.framework */ = {isa = PBXFileReference; lastKnownFileType = wrapper.framework; name = Foundation.framework; path = System/Library/Frameworks/Foundation.framework; sourceTree = SDKROOT; };
		F04A63781903581E00CA5FD7 /* JPKit-Prefix.pch */ = {isa = PBXFileReference; lastKnownFileType = sourcecode.c.h; path = "JPKit-Prefix.pch"; sourceTree = "<group>"; };
		F04A63791903581E00CA5FD7 /* JPKit.h */ = {isa = PBXFileReference; lastKnownFileType = sourcecode.c.h; path = JPKit.h; sourceTree = "<group>"; };
		F04A63811903581F00CA5FD7 /* JPKitTests.xctest */ = {isa = PBXFileReference; explicitFileType = wrapper.cfbundle; includeInIndex = 0; path = JPKitTests.xctest; sourceTree = BUILT_PRODUCTS_DIR; };
		F04A63821903581F00CA5FD7 /* XCTest.framework */ = {isa = PBXFileReference; lastKnownFileType = wrapper.framework; name = XCTest.framework; path = Library/Frameworks/XCTest.framework; sourceTree = DEVELOPER_DIR; };
		F04A63851903581F00CA5FD7 /* UIKit.framework */ = {isa = PBXFileReference; lastKnownFileType = wrapper.framework; name = UIKit.framework; path = Library/Frameworks/UIKit.framework; sourceTree = DEVELOPER_DIR; };
		F04A638C1903581F00CA5FD7 /* JPKitTests-Info.plist */ = {isa = PBXFileReference; lastKnownFileType = text.plist.xml; path = "JPKitTests-Info.plist"; sourceTree = "<group>"; };
		F04A638E1903581F00CA5FD7 /* en */ = {isa = PBXFileReference; lastKnownFileType = text.plist.strings; name = en; path = en.lproj/InfoPlist.strings; sourceTree = "<group>"; };
		F08D677419B018C900214381 /* JPCocoaCategories.h */ = {isa = PBXFileReference; fileEncoding = 4; lastKnownFileType = sourcecode.c.h; path = JPCocoaCategories.h; sourceTree = "<group>"; };
		F08D677619B018F200214381 /* UIView+JPKitAdditions.h */ = {isa = PBXFileReference; lastKnownFileType = sourcecode.c.h; path = "UIView+JPKitAdditions.h"; sourceTree = "<group>"; };
		F08D677719B0197400214381 /* NSObject+JPKitAdditions.h */ = {isa = PBXFileReference; lastKnownFileType = sourcecode.c.h; path = "NSObject+JPKitAdditions.h"; sourceTree = "<group>"; };
		F0AC84DA1908E542009971BB /* people.json */ = {isa = PBXFileReference; fileEncoding = 4; lastKnownFileType = text.json; path = people.json; sourceTree = "<group>"; };
		F0F1C668191C988100F2022F /* UIColor+JPKitAdditions.h */ = {isa = PBXFileReference; fileEncoding = 4; lastKnownFileType = sourcecode.c.h; path = "UIColor+JPKitAdditions.h"; sourceTree = "<group>"; };
/* End PBXFileReference section */

/* Begin PBXFrameworksBuildPhase section */
		F04A636E1903581E00CA5FD7 /* Frameworks */ = {
			isa = PBXFrameworksBuildPhase;
			buildActionMask = 2147483647;
			files = (
				F04A63751903581E00CA5FD7 /* Foundation.framework in Frameworks */,
			);
			runOnlyForDeploymentPostprocessing = 0;
		};
		F04A637E1903581F00CA5FD7 /* Frameworks */ = {
			isa = PBXFrameworksBuildPhase;
			buildActionMask = 2147483647;
			files = (
				F04A63831903581F00CA5FD7 /* XCTest.framework in Frameworks */,
				F04A63861903581F00CA5FD7 /* UIKit.framework in Frameworks */,
				F04A63891903581F00CA5FD7 /* libJPKit.a in Frameworks */,
				F04A63841903581F00CA5FD7 /* Foundation.framework in Frameworks */,
			);
			runOnlyForDeploymentPostprocessing = 0;
		};
/* End PBXFrameworksBuildPhase section */

/* Begin PBXGroup section */
		A5EDA0CEC9150E2746B5CB91 /* JPTextField */ = {
			isa = PBXGroup;
			children = (
				A5EDA2E44F37F2CEF3061405 /* JPTextField.m */,
				A5EDA1D71E372C3AE9DD5858 /* JPTextField.h */,
			);
			path = JPTextField;
			sourceTree = "<group>";
		};
		A5EDA34E299E095276E14075 /* JPModel */ = {
			isa = PBXGroup;
			children = (
				A5EDA8C6D995993863A31C52 /* JPModel.h */,
				A5EDA63E6F12F963F79F559B /* JPModel.m */,
				A5EDAF7B3C805B77294A426A /* JPModelManager.h */,
				A5EDAE69D4CD3D6FC536090C /* JPModelManager.m */,
				A5EDA95EBBE6A4266E22038F /* JPModelMap.h */,
				A5EDA8CE7524EB485F57E63E /* JPModelMap.m */,
				A5EDA643D16679EFC2700DF4 /* JPModelMapManager.h */,
				A5EDA595D6DC2C539224D378 /* JPModelMapManager.m */,
				A5EDAD10D1E0137D8E8A74CF /* Tests */,
			);
			name = JPModel;
			path = JPModels;
			sourceTree = "<group>";
		};
		A5EDA3BF5451B1DEC127C746 /* NSDictionary */ = {
			isa = PBXGroup;
			children = (
				A5EDA716EBAFF718882B7D18 /* NSDictionary+JPKitAdditions.h */,
				A5EDA0B01C30C489FBEB99DE /* NSDictionary+JPKitAdditions.m */,
			);
			path = NSDictionary;
			sourceTree = "<group>";
		};
		A5EDA3C471C933029C82AA07 /* UIColor */ = {
			isa = PBXGroup;
			children = (
				F0F1C668191C988100F2022F /* UIColor+JPKitAdditions.h */,
				A5EDADDA4C4D8AD6B46783EA /* UIColor+JPKitAdditions.m */,
				A5EDA29D9525131DAFCE5B0E /* Tests_UIColor_JPKitAdditions.m */,
			);
			path = UIColor;
			sourceTree = "<group>";
		};
		A5EDA463A57E90B79F70D713 /* JPLinearLayoutView */ = {
			isa = PBXGroup;
			children = (
				A5EDA5EDE4EF71FF85AF0FA5 /* JPLinearLayoutView.m */,
				A5EDAACB5AD1C9DCB6E004DB /* JPLinearLayoutView.h */,
				A5EDA04E75B2DEB4C3EAA3D3 /* JPLinearLayoutItem.m */,
				A5EDA4B58915AF6B67E16DD3 /* JPLinearLayoutItem.h */,
			);
			path = JPLinearLayoutView;
			sourceTree = "<group>";
		};
		A5EDA4F60B65AF406C0D7DF7 /* NSObject */ = {
			isa = PBXGroup;
			children = (
				A5EDAD482C02E1D9A831DB97 /* NSObject+JPKitAdditions_AutoDescription.h */,
				A5EDAEC92AB1A4E2A0A239E3 /* NSObject+JPKitAdditions_AutoDescription.m */,
				A5EDA8D8FF820ED13FB73892 /* NSObject+JPKitAdditions_Reflection.h */,
				A5EDA3E553B1ED851D3840CD /* NSObject+JPKitAdditions_Reflection.m */,
				F08D677719B0197400214381 /* NSObject+JPKitAdditions.h */,
				A5EDAB435EF601F57ADFE413 /* Tests_NSObject_JPKitAdditions_AutoDescription.m */,
				A5EDAB59128F6F49E7CC691F /* NSObject+JPKitAdditions_Tagging.m */,
				A5EDA98A8DF272291653FC63 /* NSObject+JPKitAdditions_Tagging.h */,
			);
			path = NSObject;
			sourceTree = "<group>";
		};
		A5EDA4FE3A105549EB547C10 /* JPControls */ = {
			isa = PBXGroup;
			children = (
				A5EDA8C797D26DD6C6BC1DC3 /* JPNavigation */,
				A5EDA7AC081E4D8D6CFA3EA2 /* JPTabBar */,
				A5EDA0CEC9150E2746B5CB91 /* JPTextField */,
				A5EDA463A57E90B79F70D713 /* JPLinearLayoutView */,
			);
			path = JPControls;
			sourceTree = "<group>";
		};
		A5EDA53620C2142802013089 /* FrameShortcuts */ = {
			isa = PBXGroup;
			children = (
				A5EDAA44A679332EBA11E176 /* Tests_UIView_JPKitFrameAdditions.m */,
				A5EDA1D9BA12F07C30444100 /* UIView+JPKitAdditions_FrameShortcuts.h */,
				A5EDA17D64E1024B3A217626 /* UIView+JPKitAdditions_FrameShortcuts.m */,
			);
			path = FrameShortcuts;
			sourceTree = "<group>";
		};
		A5EDA7AC081E4D8D6CFA3EA2 /* JPTabBar */ = {
			isa = PBXGroup;
			children = (
				A5EDAAF8C5D134DFC963B40A /* JPTabBarController.m */,
				A5EDA424601C3B3B481DBFD3 /* JPTabBarController.h */,
				A5EDA455A36C932A65FD80DD /* JPTabBar.m */,
				A5EDAC169DD0397867E429E2 /* JPTabBar.h */,
				A5EDA8F49435948AF76F42EF /* JPTabBarItem.m */,
				A5EDA567216FD3C50B514220 /* JPTabBarItem.h */,
			);
			path = JPTabBar;
			sourceTree = "<group>";
		};
		A5EDA7B9BF21CBA7C5147DC1 /* NSString */ = {
			isa = PBXGroup;
			children = (
				A5EDACF378A060BCFD97DB9A /* NSString+JPKitAdditions.h */,
				A5EDAEF8B12E42793377048C /* NSString+JPKitAdditions.m */,
			);
			path = NSString;
			sourceTree = "<group>";
		};
		A5EDA8C797D26DD6C6BC1DC3 /* JPNavigation */ = {
			isa = PBXGroup;
			children = (
				A5EDA5049479239B2118AF79 /* JPNavigationController.m */,
				A5EDAE2189D2D5EFF372DE0F /* JPNavigationController.h */,
			);
			path = JPNavigation;
			sourceTree = "<group>";
		};
		A5EDA95C5F05BE3888F6EE36 /* Cocoa Categories */ = {
			isa = PBXGroup;
			children = (
				F08D677419B018C900214381 /* JPCocoaCategories.h */,
				A5EDA3BF5451B1DEC127C746 /* NSDictionary */,
				A5EDA4F60B65AF406C0D7DF7 /* NSObject */,
				A5EDA7B9BF21CBA7C5147DC1 /* NSString */,
				A5EDA3C471C933029C82AA07 /* UIColor */,
				A5EDAE4733D4A46EE2CF81B5 /* UIView */,
				A5EDAB91C910F3122A18827E /* UILabel */,
				A5EDAB7D41128C5586EC464C /* UIViewController */,
			);
			path = "Cocoa Categories";
			sourceTree = "<group>";
		};
		A5EDA9F35A236D95B51D56A2 /* JPViewPlan */ = {
			isa = PBXGroup;
			children = (
				A5EDADF6BF14300090AD2FB8 /* JPViewPlan.h */,
				A5EDA03525B3C62DE1E1BC7D /* JPViewPlan.m */,
				A5EDA2605EACB8A6E9786383 /* Tests_JPViewPlan.m */,
			);
			path = JPViewPlan;
			sourceTree = "<group>";
		};
		A5EDAB7D41128C5586EC464C /* UIViewController */ = {
			isa = PBXGroup;
			children = (
				A5EDA535775D01699FD79333 /* UIViewController+JPKitAdditions.m */,
				A5EDA48505B195EA17046FEA /* UIViewController+JPKitAdditions.h */,
				A5EDA8D000322A508D598AF1 /* UIViewController+JPNavigationController.m */,
				A5EDAD61F6809FA854F98F64 /* UIViewController+JPNavigationController.h */,
			);
			path = UIViewController;
			sourceTree = "<group>";
		};
		A5EDAB91C910F3122A18827E /* UILabel */ = {
			isa = PBXGroup;
			children = (
				A5EDA47EDFE2B44D31829311 /* UILabel+JPKitAdditions.m */,
				A5EDA5FC2E763BB630E183DC /* UILabel+JPKitAdditions.h */,
			);
			path = UILabel;
			sourceTree = "<group>";
		};
		A5EDAD10D1E0137D8E8A74CF /* Tests */ = {
			isa = PBXGroup;
			children = (
				F0AC84DA1908E542009971BB /* people.json */,
				A5EDA444DD9D7A9F2BCC16E8 /* Tests_JPModels.m */,
				A5EDA84CBEE40DEB41A19DCD /* Person.m */,
				A5EDAE3D98583C2416F82BFF /* Person.h */,
			);
			path = Tests;
			sourceTree = "<group>";
		};
		A5EDAD269AD0842B970A4005 /* LayerShortcuts */ = {
			isa = PBXGroup;
			children = (
				A5EDAF82FF3BA72D12B71F6E /* UIView+JPKitAdditions_LayerShortcuts.h */,
				A5EDA595A1A3569EDFD9E7D8 /* UIView+JPKitAdditions_LayerShortcuts.m */,
			);
			path = LayerShortcuts;
			sourceTree = "<group>";
		};
		A5EDAE4733D4A46EE2CF81B5 /* UIView */ = {
			isa = PBXGroup;
			children = (
				A5EDA53620C2142802013089 /* FrameShortcuts */,
				A5EDAD269AD0842B970A4005 /* LayerShortcuts */,
				F08D677619B018F200214381 /* UIView+JPKitAdditions.h */,
				A5EDAE3C2AEB56F8306F655B /* UIView+JPKitAdditions.m */,
			);
			path = UIView;
			sourceTree = "<group>";
		};
		F04A63681903581E00CA5FD7 = {
			isa = PBXGroup;
			children = (
				F04A63761903581E00CA5FD7 /* JPKit */,
				F04A638A1903581F00CA5FD7 /* JPKitTests */,
				F04A63731903581E00CA5FD7 /* Frameworks */,
				F04A63721903581E00CA5FD7 /* Products */,
			);
			sourceTree = "<group>";
		};
		F04A63721903581E00CA5FD7 /* Products */ = {
			isa = PBXGroup;
			children = (
				F04A63711903581E00CA5FD7 /* libJPKit.a */,
				F04A63811903581F00CA5FD7 /* JPKitTests.xctest */,
			);
			name = Products;
			sourceTree = "<group>";
		};
		F04A63731903581E00CA5FD7 /* Frameworks */ = {
			isa = PBXGroup;
			children = (
				F04A63741903581E00CA5FD7 /* Foundation.framework */,
				F04A63851903581F00CA5FD7 /* UIKit.framework */,
				F04A63821903581F00CA5FD7 /* XCTest.framework */,
			);
			name = Frameworks;
			sourceTree = "<group>";
		};
		F04A63761903581E00CA5FD7 /* JPKit */ = {
			isa = PBXGroup;
			children = (
				F04A63791903581E00CA5FD7 /* JPKit.h */,
				A5EDA4FE3A105549EB547C10 /* JPControls */,
				A5EDA95C5F05BE3888F6EE36 /* Cocoa Categories */,
				A5EDA34E299E095276E14075 /* JPModel */,
				A5EDA9F35A236D95B51D56A2 /* JPViewPlan */,
				A5EDA9FDEEBD20B7C1B225BD /* JPKitTest.m */,
				A5EDA2A1ED1DC5068ECE431D /* JPKitTest.h */,
				F04A63771903581E00CA5FD7 /* Supporting Files */,
			);
			path = JPKit;
			sourceTree = "<group>";
		};
		F04A63771903581E00CA5FD7 /* Supporting Files */ = {
			isa = PBXGroup;
			children = (
				F04A63781903581E00CA5FD7 /* JPKit-Prefix.pch */,
			);
			name = "Supporting Files";
			sourceTree = "<group>";
		};
		F04A638A1903581F00CA5FD7 /* JPKitTests */ = {
			isa = PBXGroup;
			children = (
				F04A638B1903581F00CA5FD7 /* Supporting Files */,
			);
			path = JPKitTests;
			sourceTree = "<group>";
		};
		F04A638B1903581F00CA5FD7 /* Supporting Files */ = {
			isa = PBXGroup;
			children = (
				F04A638C1903581F00CA5FD7 /* JPKitTests-Info.plist */,
				F04A638D1903581F00CA5FD7 /* InfoPlist.strings */,
			);
			name = "Supporting Files";
			sourceTree = "<group>";
		};
/* End PBXGroup section */

/* Begin PBXNativeTarget section */
		F04A63701903581E00CA5FD7 /* JPKit */ = {
			isa = PBXNativeTarget;
			buildConfigurationList = F04A63941903581F00CA5FD7 /* Build configuration list for PBXNativeTarget "JPKit" */;
			buildPhases = (
				F04A636D1903581E00CA5FD7 /* Sources */,
				F04A636E1903581E00CA5FD7 /* Frameworks */,
				F0CEF4A519D7A6BE000DCA2D /* CopyFiles */,
			);
			buildRules = (
			);
			dependencies = (
			);
			name = JPKit;
			productName = JPKit;
			productReference = F04A63711903581E00CA5FD7 /* libJPKit.a */;
			productType = "com.apple.product-type.library.static";
		};
		F04A63801903581F00CA5FD7 /* JPKitTests */ = {
			isa = PBXNativeTarget;
			buildConfigurationList = F04A63971903581F00CA5FD7 /* Build configuration list for PBXNativeTarget "JPKitTests" */;
			buildPhases = (
				F04A637D1903581F00CA5FD7 /* Sources */,
				F04A637E1903581F00CA5FD7 /* Frameworks */,
				F04A637F1903581F00CA5FD7 /* Resources */,
			);
			buildRules = (
			);
			dependencies = (
				F04A63881903581F00CA5FD7 /* PBXTargetDependency */,
			);
			name = JPKitTests;
			productName = JPKitTests;
			productReference = F04A63811903581F00CA5FD7 /* JPKitTests.xctest */;
			productType = "com.apple.product-type.bundle.unit-test";
		};
/* End PBXNativeTarget section */

/* Begin PBXProject section */
		F04A63691903581E00CA5FD7 /* Project object */ = {
			isa = PBXProject;
			attributes = {
				LastUpgradeCheck = 0510;
				ORGANIZATIONNAME = "JP McGlone";
			};
			buildConfigurationList = F04A636C1903581E00CA5FD7 /* Build configuration list for PBXProject "JPKit" */;
			compatibilityVersion = "Xcode 3.2";
			developmentRegion = English;
			hasScannedForEncodings = 0;
			knownRegions = (
				en,
			);
			mainGroup = F04A63681903581E00CA5FD7;
			productRefGroup = F04A63721903581E00CA5FD7 /* Products */;
			projectDirPath = "";
			projectRoot = "";
			targets = (
				F04A63701903581E00CA5FD7 /* JPKit */,
				F04A63801903581F00CA5FD7 /* JPKitTests */,
			);
		};
/* End PBXProject section */

/* Begin PBXResourcesBuildPhase section */
		F04A637F1903581F00CA5FD7 /* Resources */ = {
			isa = PBXResourcesBuildPhase;
			buildActionMask = 2147483647;
			files = (
				F0AC84DB1908E542009971BB /* people.json in Resources */,
				F04A638F1903581F00CA5FD7 /* InfoPlist.strings in Resources */,
			);
			runOnlyForDeploymentPostprocessing = 0;
		};
/* End PBXResourcesBuildPhase section */

/* Begin PBXSourcesBuildPhase section */
		F04A636D1903581E00CA5FD7 /* Sources */ = {
			isa = PBXSourcesBuildPhase;
			buildActionMask = 2147483647;
			files = (
				A5EDA2B8A3B21FDD158FDDFC /* UIView+JPKitAdditions_FrameShortcuts.m in Sources */,
				A5EDAC5D7A8744D9B25F627F /* JPModelMap.m in Sources */,
				A5EDAF61328F76F2C180EFE7 /* NSString+JPKitAdditions.m in Sources */,
				A5EDA00FB591ED4DEAD02B97 /* JPModelMapManager.m in Sources */,
				A5EDA2593991E581AA0770EF /* JPModelManager.m in Sources */,
				A5EDAC724751D64EC8D1F475 /* NSObject+JPKitAdditions_AutoDescription.m in Sources */,
				A5EDAAB8D4360C736591C64C /* NSObject+JPKitAdditions_Reflection.m in Sources */,
				F0F1C656190B8C1F00F2022F /* JPModel.m in Sources */,
				A5EDAAA11B1673A4C2E20DDB /* JPViewPlan.m in Sources */,
				A5EDAE47583ED082BAB709B1 /* NSDictionary+JPKitAdditions.m in Sources */,
				F0F1C66A191C988600F2022F /* UIColor+JPKitAdditions.m in Sources */,
				A5EDA04898D5A53B98B05C4F /* JPKitTest.m in Sources */,
				A5EDAD2D5A1D2A44830B4F57 /* UIView+JPKitAdditions_LayerShortcuts.m in Sources */,
				A5EDA1611514B8D7BAE3163D /* JPTabBarController.m in Sources */,
				A5EDA651C06B8A6EA80DC53A /* JPTabBar.m in Sources */,
				A5EDA4422B3806322B7E5E0A /* JPTabBarItem.m in Sources */,
				A5EDA7A6036D0270AAF6A1F5 /* UILabel+JPKitAdditions.m in Sources */,
				A5EDACEB65203A083AE98089 /* NSObject+JPKitAdditions_Tagging.m in Sources */,
				A5EDA1DC65DD2C07BC2E4272 /* UIView+JPKitAdditions.m in Sources */,
				A5EDA20D7F7D5AF79BC8FBF3 /* JPNavigationController.m in Sources */,
				A5EDA5C7871EBDB618EF4581 /* UIViewController+JPKitAdditions.m in Sources */,
				A5EDAEB30D00E61D99248B25 /* UIViewController+JPNavigationController.m in Sources */,
				A5EDAFE4A026859208A8A83C /* JPTextField.m in Sources */,
				A5EDA0E68A205F98701D5E3D /* JPLinearLayoutView.m in Sources */,
				A5EDA3DC9E4C2BF3C5881087 /* JPLinearLayoutItem.m in Sources */,
			);
			runOnlyForDeploymentPostprocessing = 0;
		};
		F04A637D1903581F00CA5FD7 /* Sources */ = {
			isa = PBXSourcesBuildPhase;
			buildActionMask = 2147483647;
			files = (
				A5EDA8C77DB30D03CF46B418 /* UIView+JPKitAdditions_FrameShortcuts.m in Sources */,
				A5EDAFBA8D81883AC63A3307 /* Tests_UIView_JPKitFrameAdditions.m in Sources */,
				F0F1C655190B8C1D00F2022F /* JPModel.m in Sources */,
				A5EDAFFC4EDB36415E7B40E9 /* JPModelMap.m in Sources */,
				A5EDA80EC888ABB508B8B3C3 /* NSString+JPKitAdditions.m in Sources */,
				A5EDA361C34962083D70962D /* Tests_JPModels.m in Sources */,
				A5EDA0774857A4DE8C34051C /* Person.m in Sources */,
				A5EDA36067D6694274F39363 /* JPModelMapManager.m in Sources */,
				A5EDA49D8F221FAE4F4A2260 /* JPModelManager.m in Sources */,
				A5EDA12147A7CA27CFEB00B3 /* NSObject+JPKitAdditions_AutoDescription.m in Sources */,
				A5EDA651501C4E11712B6032 /* Tests_NSObject_JPKitAdditions_AutoDescription.m in Sources */,
				A5EDA48642D001611B5D6EE9 /* NSObject+JPKitAdditions_Reflection.m in Sources */,
				A5EDA55528D7F02D19DFE4AB /* JPViewPlan.m in Sources */,
				A5EDA2ABCD7655B65F50B2E8 /* Tests_JPViewPlan.m in Sources */,
				A5EDAA0CE9D648D1D54B0B33 /* NSDictionary+JPKitAdditions.m in Sources */,
				A5EDA456C020CB260E6AF684 /* JPKitTest.m in Sources */,
				A5EDA240F4AD055661C3042E /* UIView+JPKitAdditions_LayerShortcuts.m in Sources */,
				A5EDA2CDF3210C29611C6C53 /* Tests_UIColor_JPKitAdditions.m in Sources */,
				F0F1C66B191C988600F2022F /* UIColor+JPKitAdditions.m in Sources */,
			);
			runOnlyForDeploymentPostprocessing = 0;
		};
/* End PBXSourcesBuildPhase section */

/* Begin PBXTargetDependency section */
		F04A63881903581F00CA5FD7 /* PBXTargetDependency */ = {
			isa = PBXTargetDependency;
			target = F04A63701903581E00CA5FD7 /* JPKit */;
			targetProxy = F04A63871903581F00CA5FD7 /* PBXContainerItemProxy */;
		};
/* End PBXTargetDependency section */

/* Begin PBXVariantGroup section */
		F04A638D1903581F00CA5FD7 /* InfoPlist.strings */ = {
			isa = PBXVariantGroup;
			children = (
				F04A638E1903581F00CA5FD7 /* en */,
			);
			name = InfoPlist.strings;
			sourceTree = "<group>";
		};
/* End PBXVariantGroup section */

/* Begin XCBuildConfiguration section */
		F04A63921903581F00CA5FD7 /* Debug */ = {
			isa = XCBuildConfiguration;
			buildSettings = {
				ALWAYS_SEARCH_USER_PATHS = NO;
				CLANG_CXX_LANGUAGE_STANDARD = "gnu++0x";
				CLANG_CXX_LIBRARY = "libc++";
				CLANG_ENABLE_MODULES = YES;
				CLANG_ENABLE_OBJC_ARC = YES;
				CLANG_WARN_BOOL_CONVERSION = YES;
				CLANG_WARN_CONSTANT_CONVERSION = YES;
				CLANG_WARN_DIRECT_OBJC_ISA_USAGE = YES_ERROR;
				CLANG_WARN_EMPTY_BODY = YES;
				CLANG_WARN_ENUM_CONVERSION = YES;
				CLANG_WARN_INT_CONVERSION = YES;
				CLANG_WARN_OBJC_ROOT_CLASS = YES_ERROR;
				CLANG_WARN__DUPLICATE_METHOD_MATCH = YES;
				COPY_PHASE_STRIP = NO;
				GCC_C_LANGUAGE_STANDARD = gnu99;
				GCC_DYNAMIC_NO_PIC = NO;
				GCC_OPTIMIZATION_LEVEL = 0;
				GCC_PREPROCESSOR_DEFINITIONS = (
					"DEBUG=1",
					"$(inherited)",
				);
				GCC_SYMBOLS_PRIVATE_EXTERN = NO;
				GCC_WARN_64_TO_32_BIT_CONVERSION = YES;
				GCC_WARN_ABOUT_RETURN_TYPE = YES_ERROR;
				GCC_WARN_UNDECLARED_SELECTOR = YES;
				GCC_WARN_UNINITIALIZED_AUTOS = YES_AGGRESSIVE;
				GCC_WARN_UNUSED_FUNCTION = YES;
				GCC_WARN_UNUSED_VARIABLE = YES;
				IPHONEOS_DEPLOYMENT_TARGET = 7.1;
				ONLY_ACTIVE_ARCH = YES;
				SDKROOT = iphoneos;
			};
			name = Debug;
		};
		F04A63931903581F00CA5FD7 /* Release */ = {
			isa = XCBuildConfiguration;
			buildSettings = {
				ALWAYS_SEARCH_USER_PATHS = NO;
				CLANG_CXX_LANGUAGE_STANDARD = "gnu++0x";
				CLANG_CXX_LIBRARY = "libc++";
				CLANG_ENABLE_MODULES = YES;
				CLANG_ENABLE_OBJC_ARC = YES;
				CLANG_WARN_BOOL_CONVERSION = YES;
				CLANG_WARN_CONSTANT_CONVERSION = YES;
				CLANG_WARN_DIRECT_OBJC_ISA_USAGE = YES_ERROR;
				CLANG_WARN_EMPTY_BODY = YES;
				CLANG_WARN_ENUM_CONVERSION = YES;
				CLANG_WARN_INT_CONVERSION = YES;
				CLANG_WARN_OBJC_ROOT_CLASS = YES_ERROR;
				CLANG_WARN__DUPLICATE_METHOD_MATCH = YES;
				COPY_PHASE_STRIP = YES;
				ENABLE_NS_ASSERTIONS = NO;
				GCC_C_LANGUAGE_STANDARD = gnu99;
				GCC_WARN_64_TO_32_BIT_CONVERSION = YES;
				GCC_WARN_ABOUT_RETURN_TYPE = YES_ERROR;
				GCC_WARN_UNDECLARED_SELECTOR = YES;
				GCC_WARN_UNINITIALIZED_AUTOS = YES_AGGRESSIVE;
				GCC_WARN_UNUSED_FUNCTION = YES;
				GCC_WARN_UNUSED_VARIABLE = YES;
				IPHONEOS_DEPLOYMENT_TARGET = 7.1;
				SDKROOT = iphoneos;
				VALIDATE_PRODUCT = YES;
			};
			name = Release;
		};
		F04A63951903581F00CA5FD7 /* Debug */ = {
			isa = XCBuildConfiguration;
			buildSettings = {
				DSTROOT = /tmp/JPKit.dst;
				GCC_PRECOMPILE_PREFIX_HEADER = YES;
				GCC_PREFIX_HEADER = "JPKit/JPKit-Prefix.pch";
				OTHER_LDFLAGS = "-ObjC";
				PRIVATE_HEADERS_FOLDER_PATH = "/usr/local/include/$(PROJECT_NAME)";
				PRODUCT_NAME = "$(TARGET_NAME)";
				PUBLIC_HEADERS_FOLDER_PATH = "/include/$(PROJECT_NAME)";
				SKIP_INSTALL = YES;
			};
			name = Debug;
		};
		F04A63961903581F00CA5FD7 /* Release */ = {
			isa = XCBuildConfiguration;
			buildSettings = {
				DSTROOT = /tmp/JPKit.dst;
				GCC_PRECOMPILE_PREFIX_HEADER = YES;
				GCC_PREFIX_HEADER = "JPKit/JPKit-Prefix.pch";
				ONLY_ACTIVE_ARCH = NO;
				OTHER_LDFLAGS = "-ObjC";
				PRIVATE_HEADERS_FOLDER_PATH = "/usr/local/include/$(PROJECT_NAME)";
				PRODUCT_NAME = "$(TARGET_NAME)";
				PUBLIC_HEADERS_FOLDER_PATH = "/include/$(PROJECT_NAME)";
				SKIP_INSTALL = YES;
			};
			name = Release;
		};
		F04A63981903581F00CA5FD7 /* Debug */ = {
			isa = XCBuildConfiguration;
			buildSettings = {
				FRAMEWORK_SEARCH_PATHS = (
					"$(SDKROOT)/Developer/Library/Frameworks",
					"$(inherited)",
					"$(DEVELOPER_FRAMEWORKS_DIR)",
				);
				GCC_PRECOMPILE_PREFIX_HEADER = YES;
				GCC_PREFIX_HEADER = "JPKit/JPKit-Prefix.pch";
				GCC_PREPROCESSOR_DEFINITIONS = (
					"DEBUG=1",
					"$(inherited)",
				);
				INFOPLIST_FILE = "JPKitTests/JPKitTests-Info.plist";
				PRODUCT_NAME = "$(TARGET_NAME)";
				WRAPPER_EXTENSION = xctest;
			};
			name = Debug;
		};
		F04A63991903581F00CA5FD7 /* Release */ = {
			isa = XCBuildConfiguration;
			buildSettings = {
				FRAMEWORK_SEARCH_PATHS = (
					"$(SDKROOT)/Developer/Library/Frameworks",
					"$(inherited)",
					"$(DEVELOPER_FRAMEWORKS_DIR)",
				);
				GCC_PRECOMPILE_PREFIX_HEADER = YES;
				GCC_PREFIX_HEADER = "JPKit/JPKit-Prefix.pch";
				INFOPLIST_FILE = "JPKitTests/JPKitTests-Info.plist";
				PRODUCT_NAME = "$(TARGET_NAME)";
				WRAPPER_EXTENSION = xctest;
			};
			name = Release;
		};
/* End XCBuildConfiguration section */

/* Begin XCConfigurationList section */
		F04A636C1903581E00CA5FD7 /* Build configuration list for PBXProject "JPKit" */ = {
			isa = XCConfigurationList;
			buildConfigurations = (
				F04A63921903581F00CA5FD7 /* Debug */,
				F04A63931903581F00CA5FD7 /* Release */,
			);
			defaultConfigurationIsVisible = 0;
			defaultConfigurationName = Release;
		};
		F04A63941903581F00CA5FD7 /* Build configuration list for PBXNativeTarget "JPKit" */ = {
			isa = XCConfigurationList;
			buildConfigurations = (
				F04A63951903581F00CA5FD7 /* Debug */,
				F04A63961903581F00CA5FD7 /* Release */,
			);
			defaultConfigurationIsVisible = 0;
			defaultConfigurationName = Release;
		};
		F04A63971903581F00CA5FD7 /* Build configuration list for PBXNativeTarget "JPKitTests" */ = {
			isa = XCConfigurationList;
			buildConfigurations = (
				F04A63981903581F00CA5FD7 /* Debug */,
				F04A63991903581F00CA5FD7 /* Release */,
			);
			defaultConfigurationIsVisible = 0;
			defaultConfigurationName = Release;
		};
/* End XCConfigurationList section */
	};
	rootObject = F04A63691903581E00CA5FD7 /* Project object */;
}
