// !$*UTF8*$!
{
	archiveVersion = 1;
	classes = {
	};
	objectVersion = 46;
	objects = {

/* Begin PBXBuildFile section */
		A5EDA00FB591ED4DEAD02B97 /* JPModelMapManager.m in Sources */ = {isa = PBXBuildFile; fileRef = A5EDA595D6DC2C539224D378 /* JPModelMapManager.m */; };
		A5EDA0774857A4DE8C34051C /* Person.m in Sources */ = {isa = PBXBuildFile; fileRef = A5EDA84CBEE40DEB41A19DCD /* Person.m */; };
		A5EDA10577C8B6B91892FEB6 /* JPModelManager.h in Headers */ = {isa = PBXBuildFile; fileRef = A5EDAF7B3C805B77294A426A /* JPModelManager.h */; settings = {ATTRIBUTES = (Public, ); }; };
		A5EDA12147A7CA27CFEB00B3 /* NSObject+JPAdditions_AutoDescription.m in Sources */ = {isa = PBXBuildFile; fileRef = A5EDAEC92AB1A4E2A0A239E3 /* NSObject+JPAdditions_AutoDescription.m */; };
		A5EDA2593991E581AA0770EF /* JPModelManager.m in Sources */ = {isa = PBXBuildFile; fileRef = A5EDAE69D4CD3D6FC536090C /* JPModelManager.m */; };
		A5EDA2ABCD7655B65F50B2E8 /* Tests_JPLayout.m in Sources */ = {isa = PBXBuildFile; fileRef = A5EDA2605EACB8A6E9786383 /* Tests_JPLayout.m */; };
		A5EDA2B8A3B21FDD158FDDFC /* UIView+JPKitFrameAdditions.m in Sources */ = {isa = PBXBuildFile; fileRef = A5EDA17D64E1024B3A217626 /* UIView+JPKitFrameAdditions.m */; };
		A5EDA36067D6694274F39363 /* JPModelMapManager.m in Sources */ = {isa = PBXBuildFile; fileRef = A5EDA595D6DC2C539224D378 /* JPModelMapManager.m */; };
		A5EDA361C34962083D70962D /* Tests_JPModels.m in Sources */ = {isa = PBXBuildFile; fileRef = A5EDA444DD9D7A9F2BCC16E8 /* Tests_JPModels.m */; };
		A5EDA36B9AD2A151FC721A41 /* JPModelMap.h in Headers */ = {isa = PBXBuildFile; fileRef = A5EDA95EBBE6A4266E22038F /* JPModelMap.h */; settings = {ATTRIBUTES = (Public, ); }; };
		A5EDA48642D001611B5D6EE9 /* NSObject+JPAdditions_Reflection.m in Sources */ = {isa = PBXBuildFile; fileRef = A5EDA3E553B1ED851D3840CD /* NSObject+JPAdditions_Reflection.m */; };
		A5EDA49D8F221FAE4F4A2260 /* JPModelManager.m in Sources */ = {isa = PBXBuildFile; fileRef = A5EDAE69D4CD3D6FC536090C /* JPModelManager.m */; };
		A5EDA55528D7F02D19DFE4AB /* JPLayoutModel.m in Sources */ = {isa = PBXBuildFile; fileRef = A5EDA03525B3C62DE1E1BC7D /* JPLayoutModel.m */; };
		A5EDA651501C4E11712B6032 /* Tests_NSObject_JPAdditions_AutoDescription.m in Sources */ = {isa = PBXBuildFile; fileRef = A5EDAB435EF601F57ADFE413 /* Tests_NSObject_JPAdditions_AutoDescription.m */; };
		A5EDA79A78324AAF3FAACA3A /* JPModel.m in Sources */ = {isa = PBXBuildFile; fileRef = A5EDA63E6F12F963F79F559B /* JPModel.m */; };
		A5EDA7FA192F67BAA089A26F /* NSObject+JPAdditions_AutoDescription.h in Headers */ = {isa = PBXBuildFile; fileRef = A5EDAD482C02E1D9A831DB97 /* NSObject+JPAdditions_AutoDescription.h */; settings = {ATTRIBUTES = (Public, ); }; };
		A5EDA80EC888ABB508B8B3C3 /* NSString+JPAdditions.m in Sources */ = {isa = PBXBuildFile; fileRef = A5EDAEF8B12E42793377048C /* NSString+JPAdditions.m */; };
		A5EDA8C77DB30D03CF46B418 /* UIView+JPKitFrameAdditions.m in Sources */ = {isa = PBXBuildFile; fileRef = A5EDA17D64E1024B3A217626 /* UIView+JPKitFrameAdditions.m */; };
		A5EDA954406328515AE04DB2 /* JPModel.h in Headers */ = {isa = PBXBuildFile; fileRef = A5EDA8C6D995993863A31C52 /* JPModel.h */; settings = {ATTRIBUTES = (Public, ); }; };
		A5EDAAA11B1673A4C2E20DDB /* JPLayoutModel.m in Sources */ = {isa = PBXBuildFile; fileRef = A5EDA03525B3C62DE1E1BC7D /* JPLayoutModel.m */; };
		A5EDAAB8D4360C736591C64C /* NSObject+JPAdditions_Reflection.m in Sources */ = {isa = PBXBuildFile; fileRef = A5EDA3E553B1ED851D3840CD /* NSObject+JPAdditions_Reflection.m */; };
		A5EDAB1BEEEF0C92DF133CB8 /* JPModelMapManager.h in Headers */ = {isa = PBXBuildFile; fileRef = A5EDA643D16679EFC2700DF4 /* JPModelMapManager.h */; settings = {ATTRIBUTES = (Public, ); }; };
		A5EDAC5D7A8744D9B25F627F /* JPModelMap.m in Sources */ = {isa = PBXBuildFile; fileRef = A5EDA8CE7524EB485F57E63E /* JPModelMap.m */; };
		A5EDAC724751D64EC8D1F475 /* NSObject+JPAdditions_AutoDescription.m in Sources */ = {isa = PBXBuildFile; fileRef = A5EDAEC92AB1A4E2A0A239E3 /* NSObject+JPAdditions_AutoDescription.m */; };
		A5EDAD1F940434ADD8E950B8 /* NSObject+JPAdditions_Reflection.h in Headers */ = {isa = PBXBuildFile; fileRef = A5EDA8D8FF820ED13FB73892 /* NSObject+JPAdditions_Reflection.h */; settings = {ATTRIBUTES = (Public, ); }; };
		A5EDADFED04158A7C2D9E756 /* JPLayoutModel.h in Headers */ = {isa = PBXBuildFile; fileRef = A5EDADF6BF14300090AD2FB8 /* JPLayoutModel.h */; settings = {ATTRIBUTES = (Public, ); }; };
		A5EDAF61328F76F2C180EFE7 /* NSString+JPAdditions.m in Sources */ = {isa = PBXBuildFile; fileRef = A5EDAEF8B12E42793377048C /* NSString+JPAdditions.m */; };
		A5EDAF9A87ADD2600519ED50 /* NSString+JPAdditions.h in Headers */ = {isa = PBXBuildFile; fileRef = A5EDACF378A060BCFD97DB9A /* NSString+JPAdditions.h */; settings = {ATTRIBUTES = (Public, ); }; };
		A5EDAFBA8D81883AC63A3307 /* Tests_UIView_JPKitFrameAdditions.m in Sources */ = {isa = PBXBuildFile; fileRef = A5EDAA44A679332EBA11E176 /* Tests_UIView_JPKitFrameAdditions.m */; };
		A5EDAFFC4EDB36415E7B40E9 /* JPModelMap.m in Sources */ = {isa = PBXBuildFile; fileRef = A5EDA8CE7524EB485F57E63E /* JPModelMap.m */; };
		F04A63751903581E00CA5FD7 /* Foundation.framework in Frameworks */ = {isa = PBXBuildFile; fileRef = F04A63741903581E00CA5FD7 /* Foundation.framework */; };
		F04A637A1903581E00CA5FD7 /* JPKit.h in CopyFiles */ = {isa = PBXBuildFile; fileRef = F04A63791903581E00CA5FD7 /* JPKit.h */; };
		F04A63831903581F00CA5FD7 /* XCTest.framework in Frameworks */ = {isa = PBXBuildFile; fileRef = F04A63821903581F00CA5FD7 /* XCTest.framework */; };
		F04A63841903581F00CA5FD7 /* Foundation.framework in Frameworks */ = {isa = PBXBuildFile; fileRef = F04A63741903581E00CA5FD7 /* Foundation.framework */; };
		F04A63861903581F00CA5FD7 /* UIKit.framework in Frameworks */ = {isa = PBXBuildFile; fileRef = F04A63851903581F00CA5FD7 /* UIKit.framework */; };
		F04A63891903581F00CA5FD7 /* libJPKit.a in Frameworks */ = {isa = PBXBuildFile; fileRef = F04A63711903581E00CA5FD7 /* libJPKit.a */; };
		F04A638F1903581F00CA5FD7 /* InfoPlist.strings in Resources */ = {isa = PBXBuildFile; fileRef = F04A638D1903581F00CA5FD7 /* InfoPlist.strings */; };
		F0AC84D51907A8EE009971BB /* JPKit.h in Headers */ = {isa = PBXBuildFile; fileRef = F04A63791903581E00CA5FD7 /* JPKit.h */; settings = {ATTRIBUTES = (Public, ); }; };
		F0AC84D61907A8F0009971BB /* UIView+JPKitFrameAdditions.h in Headers */ = {isa = PBXBuildFile; fileRef = A5EDA1D9BA12F07C30444100 /* UIView+JPKitFrameAdditions.h */; settings = {ATTRIBUTES = (Public, ); }; };
		F0AC84D81907AAED009971BB /* JPKit-Prefix.pch in Headers */ = {isa = PBXBuildFile; fileRef = F04A63781903581E00CA5FD7 /* JPKit-Prefix.pch */; };
		F0AC84DB1908E542009971BB /* people.json in Resources */ = {isa = PBXBuildFile; fileRef = F0AC84DA1908E542009971BB /* people.json */; };
/* End PBXBuildFile section */

/* Begin PBXContainerItemProxy section */
		F04A63871903581F00CA5FD7 /* PBXContainerItemProxy */ = {
			isa = PBXContainerItemProxy;
			containerPortal = F04A63691903581E00CA5FD7 /* Project object */;
			proxyType = 1;
			remoteGlobalIDString = F04A63701903581E00CA5FD7;
			remoteInfo = JPKit;
		};
/* End PBXContainerItemProxy section */

/* Begin PBXCopyFilesBuildPhase section */
		F04A636F1903581E00CA5FD7 /* CopyFiles */ = {
			isa = PBXCopyFilesBuildPhase;
			buildActionMask = 2147483647;
			dstPath = "include/$(PRODUCT_NAME)";
			dstSubfolderSpec = 16;
			files = (
				F04A637A1903581E00CA5FD7 /* JPKit.h in CopyFiles */,
			);
			runOnlyForDeploymentPostprocessing = 0;
		};
/* End PBXCopyFilesBuildPhase section */

/* Begin PBXFileReference section */
		A5EDA03525B3C62DE1E1BC7D /* JPLayoutModel.m */ = {isa = PBXFileReference; fileEncoding = 4; lastKnownFileType = sourcecode.c.objc; path = JPLayoutModel.m; sourceTree = "<group>"; };
		A5EDA17D64E1024B3A217626 /* UIView+JPKitFrameAdditions.m */ = {isa = PBXFileReference; fileEncoding = 4; lastKnownFileType = sourcecode.c.objc; path = "UIView+JPKitFrameAdditions.m"; sourceTree = "<group>"; };
		A5EDA1D9BA12F07C30444100 /* UIView+JPKitFrameAdditions.h */ = {isa = PBXFileReference; fileEncoding = 4; lastKnownFileType = sourcecode.c.h; path = "UIView+JPKitFrameAdditions.h"; sourceTree = "<group>"; };
		A5EDA2605EACB8A6E9786383 /* Tests_JPLayout.m */ = {isa = PBXFileReference; fileEncoding = 4; lastKnownFileType = sourcecode.c.objc; path = Tests_JPLayout.m; sourceTree = "<group>"; };
		A5EDA3E553B1ED851D3840CD /* NSObject+JPAdditions_Reflection.m */ = {isa = PBXFileReference; fileEncoding = 4; lastKnownFileType = sourcecode.c.objc; path = "NSObject+JPAdditions_Reflection.m"; sourceTree = "<group>"; };
		A5EDA444DD9D7A9F2BCC16E8 /* Tests_JPModels.m */ = {isa = PBXFileReference; fileEncoding = 4; lastKnownFileType = sourcecode.c.objc; path = Tests_JPModels.m; sourceTree = "<group>"; };
		A5EDA595D6DC2C539224D378 /* JPModelMapManager.m */ = {isa = PBXFileReference; fileEncoding = 4; lastKnownFileType = sourcecode.c.objc; path = JPModelMapManager.m; sourceTree = "<group>"; };
		A5EDA63E6F12F963F79F559B /* JPModel.m */ = {isa = PBXFileReference; fileEncoding = 4; lastKnownFileType = sourcecode.c.objc; path = JPModel.m; sourceTree = "<group>"; };
		A5EDA643D16679EFC2700DF4 /* JPModelMapManager.h */ = {isa = PBXFileReference; fileEncoding = 4; lastKnownFileType = sourcecode.c.h; path = JPModelMapManager.h; sourceTree = "<group>"; };
		A5EDA84CBEE40DEB41A19DCD /* Person.m */ = {isa = PBXFileReference; fileEncoding = 4; lastKnownFileType = sourcecode.c.objc; path = Person.m; sourceTree = "<group>"; };
		A5EDA8C6D995993863A31C52 /* JPModel.h */ = {isa = PBXFileReference; fileEncoding = 4; lastKnownFileType = sourcecode.c.h; path = JPModel.h; sourceTree = "<group>"; };
		A5EDA8CE7524EB485F57E63E /* JPModelMap.m */ = {isa = PBXFileReference; fileEncoding = 4; lastKnownFileType = sourcecode.c.objc; path = JPModelMap.m; sourceTree = "<group>"; };
		A5EDA8D8FF820ED13FB73892 /* NSObject+JPAdditions_Reflection.h */ = {isa = PBXFileReference; fileEncoding = 4; lastKnownFileType = sourcecode.c.h; path = "NSObject+JPAdditions_Reflection.h"; sourceTree = "<group>"; };
		A5EDA95EBBE6A4266E22038F /* JPModelMap.h */ = {isa = PBXFileReference; fileEncoding = 4; lastKnownFileType = sourcecode.c.h; path = JPModelMap.h; sourceTree = "<group>"; };
		A5EDAA44A679332EBA11E176 /* Tests_UIView_JPKitFrameAdditions.m */ = {isa = PBXFileReference; fileEncoding = 4; lastKnownFileType = sourcecode.c.objc; path = Tests_UIView_JPKitFrameAdditions.m; sourceTree = "<group>"; };
		A5EDAB435EF601F57ADFE413 /* Tests_NSObject_JPAdditions_AutoDescription.m */ = {isa = PBXFileReference; fileEncoding = 4; lastKnownFileType = sourcecode.c.objc; path = Tests_NSObject_JPAdditions_AutoDescription.m; sourceTree = "<group>"; };
		A5EDACF378A060BCFD97DB9A /* NSString+JPAdditions.h */ = {isa = PBXFileReference; fileEncoding = 4; lastKnownFileType = sourcecode.c.h; path = "NSString+JPAdditions.h"; sourceTree = "<group>"; };
		A5EDAD482C02E1D9A831DB97 /* NSObject+JPAdditions_AutoDescription.h */ = {isa = PBXFileReference; fileEncoding = 4; lastKnownFileType = sourcecode.c.h; path = "NSObject+JPAdditions_AutoDescription.h"; sourceTree = "<group>"; };
		A5EDADF6BF14300090AD2FB8 /* JPLayoutModel.h */ = {isa = PBXFileReference; fileEncoding = 4; lastKnownFileType = sourcecode.c.h; path = JPLayoutModel.h; sourceTree = "<group>"; };
		A5EDAE3D98583C2416F82BFF /* Person.h */ = {isa = PBXFileReference; fileEncoding = 4; lastKnownFileType = sourcecode.c.h; path = Person.h; sourceTree = "<group>"; };
		A5EDAE69D4CD3D6FC536090C /* JPModelManager.m */ = {isa = PBXFileReference; fileEncoding = 4; lastKnownFileType = sourcecode.c.objc; path = JPModelManager.m; sourceTree = "<group>"; };
		A5EDAEC92AB1A4E2A0A239E3 /* NSObject+JPAdditions_AutoDescription.m */ = {isa = PBXFileReference; fileEncoding = 4; lastKnownFileType = sourcecode.c.objc; path = "NSObject+JPAdditions_AutoDescription.m"; sourceTree = "<group>"; };
		A5EDAEF8B12E42793377048C /* NSString+JPAdditions.m */ = {isa = PBXFileReference; fileEncoding = 4; lastKnownFileType = sourcecode.c.objc; path = "NSString+JPAdditions.m"; sourceTree = "<group>"; };
		A5EDAF7B3C805B77294A426A /* JPModelManager.h */ = {isa = PBXFileReference; fileEncoding = 4; lastKnownFileType = sourcecode.c.h; path = JPModelManager.h; sourceTree = "<group>"; };
		F04A63711903581E00CA5FD7 /* libJPKit.a */ = {isa = PBXFileReference; explicitFileType = archive.ar; includeInIndex = 0; path = libJPKit.a; sourceTree = BUILT_PRODUCTS_DIR; };
		F04A63741903581E00CA5FD7 /* Foundation.framework */ = {isa = PBXFileReference; lastKnownFileType = wrapper.framework; name = Foundation.framework; path = System/Library/Frameworks/Foundation.framework; sourceTree = SDKROOT; };
		F04A63781903581E00CA5FD7 /* JPKit-Prefix.pch */ = {isa = PBXFileReference; lastKnownFileType = sourcecode.c.h; path = "JPKit-Prefix.pch"; sourceTree = "<group>"; };
		F04A63791903581E00CA5FD7 /* JPKit.h */ = {isa = PBXFileReference; lastKnownFileType = sourcecode.c.h; path = JPKit.h; sourceTree = "<group>"; };
		F04A63811903581F00CA5FD7 /* JPKitTests.xctest */ = {isa = PBXFileReference; explicitFileType = wrapper.cfbundle; includeInIndex = 0; path = JPKitTests.xctest; sourceTree = BUILT_PRODUCTS_DIR; };
		F04A63821903581F00CA5FD7 /* XCTest.framework */ = {isa = PBXFileReference; lastKnownFileType = wrapper.framework; name = XCTest.framework; path = Library/Frameworks/XCTest.framework; sourceTree = DEVELOPER_DIR; };
		F04A63851903581F00CA5FD7 /* UIKit.framework */ = {isa = PBXFileReference; lastKnownFileType = wrapper.framework; name = UIKit.framework; path = Library/Frameworks/UIKit.framework; sourceTree = DEVELOPER_DIR; };
		F04A638C1903581F00CA5FD7 /* JPKitTests-Info.plist */ = {isa = PBXFileReference; lastKnownFileType = text.plist.xml; path = "JPKitTests-Info.plist"; sourceTree = "<group>"; };
		F04A638E1903581F00CA5FD7 /* en */ = {isa = PBXFileReference; lastKnownFileType = text.plist.strings; name = en; path = en.lproj/InfoPlist.strings; sourceTree = "<group>"; };
		F0AC84DA1908E542009971BB /* people.json */ = {isa = PBXFileReference; fileEncoding = 4; lastKnownFileType = text.json; path = people.json; sourceTree = "<group>"; };
/* End PBXFileReference section */

/* Begin PBXFrameworksBuildPhase section */
		F04A636E1903581E00CA5FD7 /* Frameworks */ = {
			isa = PBXFrameworksBuildPhase;
			buildActionMask = 2147483647;
			files = (
				F04A63751903581E00CA5FD7 /* Foundation.framework in Frameworks */,
			);
			runOnlyForDeploymentPostprocessing = 0;
		};
		F04A637E1903581F00CA5FD7 /* Frameworks */ = {
			isa = PBXFrameworksBuildPhase;
			buildActionMask = 2147483647;
			files = (
				F04A63831903581F00CA5FD7 /* XCTest.framework in Frameworks */,
				F04A63861903581F00CA5FD7 /* UIKit.framework in Frameworks */,
				F04A63891903581F00CA5FD7 /* libJPKit.a in Frameworks */,
				F04A63841903581F00CA5FD7 /* Foundation.framework in Frameworks */,
			);
			runOnlyForDeploymentPostprocessing = 0;
		};
/* End PBXFrameworksBuildPhase section */

/* Begin PBXGroup section */
		A5EDA34E299E095276E14075 /* JPModels */ = {
			isa = PBXGroup;
			children = (
				A5EDA8C6D995993863A31C52 /* JPModel.h */,
				A5EDA63E6F12F963F79F559B /* JPModel.m */,
				A5EDAF7B3C805B77294A426A /* JPModelManager.h */,
				A5EDAE69D4CD3D6FC536090C /* JPModelManager.m */,
				A5EDA95EBBE6A4266E22038F /* JPModelMap.h */,
				A5EDA8CE7524EB485F57E63E /* JPModelMap.m */,
				A5EDA643D16679EFC2700DF4 /* JPModelMapManager.h */,
				A5EDA595D6DC2C539224D378 /* JPModelMapManager.m */,
				A5EDAD10D1E0137D8E8A74CF /* Tests */,
			);
			path = JPModels;
			sourceTree = "<group>";
		};
		A5EDA4F60B65AF406C0D7DF7 /* NSObject */ = {
			isa = PBXGroup;
			children = (
				A5EDAEC92AB1A4E2A0A239E3 /* NSObject+JPAdditions_AutoDescription.m */,
				A5EDAD482C02E1D9A831DB97 /* NSObject+JPAdditions_AutoDescription.h */,
				A5EDAB435EF601F57ADFE413 /* Tests_NSObject_JPAdditions_AutoDescription.m */,
				A5EDA3E553B1ED851D3840CD /* NSObject+JPAdditions_Reflection.m */,
				A5EDA8D8FF820ED13FB73892 /* NSObject+JPAdditions_Reflection.h */,
			);
			path = NSObject;
			sourceTree = "<group>";
		};
		A5EDA53620C2142802013089 /* Frame */ = {
			isa = PBXGroup;
			children = (
				A5EDA1D9BA12F07C30444100 /* UIView+JPKitFrameAdditions.h */,
				A5EDA17D64E1024B3A217626 /* UIView+JPKitFrameAdditions.m */,
				A5EDAA44A679332EBA11E176 /* Tests_UIView_JPKitFrameAdditions.m */,
			);
			path = Frame;
			sourceTree = "<group>";
		};
		A5EDA7B9BF21CBA7C5147DC1 /* NSString */ = {
			isa = PBXGroup;
			children = (
				A5EDAEF8B12E42793377048C /* NSString+JPAdditions.m */,
				A5EDACF378A060BCFD97DB9A /* NSString+JPAdditions.h */,
			);
			path = NSString;
			sourceTree = "<group>";
		};
		A5EDA95C5F05BE3888F6EE36 /* Cocoa Categories */ = {
			isa = PBXGroup;
			children = (
				A5EDAE4733D4A46EE2CF81B5 /* UIView */,
				A5EDA7B9BF21CBA7C5147DC1 /* NSString */,
				A5EDA4F60B65AF406C0D7DF7 /* NSObject */,
			);
			path = "Cocoa Categories";
			sourceTree = "<group>";
		};
		A5EDA9F35A236D95B51D56A2 /* JPLayout */ = {
			isa = PBXGroup;
			children = (
				A5EDA03525B3C62DE1E1BC7D /* JPLayoutModel.m */,
				A5EDADF6BF14300090AD2FB8 /* JPLayoutModel.h */,
				A5EDA2605EACB8A6E9786383 /* Tests_JPLayout.m */,
			);
			path = JPLayout;
			sourceTree = "<group>";
		};
		A5EDAD10D1E0137D8E8A74CF /* Tests */ = {
			isa = PBXGroup;
			children = (
				F0AC84DA1908E542009971BB /* people.json */,
				A5EDA444DD9D7A9F2BCC16E8 /* Tests_JPModels.m */,
				A5EDA84CBEE40DEB41A19DCD /* Person.m */,
				A5EDAE3D98583C2416F82BFF /* Person.h */,
			);
			path = Tests;
			sourceTree = "<group>";
		};
		A5EDAE4733D4A46EE2CF81B5 /* UIView */ = {
			isa = PBXGroup;
			children = (
				A5EDA53620C2142802013089 /* Frame */,
			);
			path = UIView;
			sourceTree = "<group>";
		};
		F04A63681903581E00CA5FD7 = {
			isa = PBXGroup;
			children = (
				F04A63761903581E00CA5FD7 /* JPKit */,
				F04A638A1903581F00CA5FD7 /* JPKitTests */,
				F04A63731903581E00CA5FD7 /* Frameworks */,
				F04A63721903581E00CA5FD7 /* Products */,
			);
			sourceTree = "<group>";
		};
		F04A63721903581E00CA5FD7 /* Products */ = {
			isa = PBXGroup;
			children = (
				F04A63711903581E00CA5FD7 /* libJPKit.a */,
				F04A63811903581F00CA5FD7 /* JPKitTests.xctest */,
			);
			name = Products;
			sourceTree = "<group>";
		};
		F04A63731903581E00CA5FD7 /* Frameworks */ = {
			isa = PBXGroup;
			children = (
				F04A63741903581E00CA5FD7 /* Foundation.framework */,
				F04A63821903581F00CA5FD7 /* XCTest.framework */,
				F04A63851903581F00CA5FD7 /* UIKit.framework */,
			);
			name = Frameworks;
			sourceTree = "<group>";
		};
		F04A63761903581E00CA5FD7 /* JPKit */ = {
			isa = PBXGroup;
			children = (
				F04A63791903581E00CA5FD7 /* JPKit.h */,
				F04A63771903581E00CA5FD7 /* Supporting Files */,
				A5EDA95C5F05BE3888F6EE36 /* Cocoa Categories */,
				A5EDA34E299E095276E14075 /* JPModels */,
				A5EDA9F35A236D95B51D56A2 /* JPLayout */,
			);
			path = JPKit;
			sourceTree = "<group>";
		};
		F04A63771903581E00CA5FD7 /* Supporting Files */ = {
			isa = PBXGroup;
			children = (
				F04A63781903581E00CA5FD7 /* JPKit-Prefix.pch */,
			);
			name = "Supporting Files";
			sourceTree = "<group>";
		};
		F04A638A1903581F00CA5FD7 /* JPKitTests */ = {
			isa = PBXGroup;
			children = (
				F04A638B1903581F00CA5FD7 /* Supporting Files */,
			);
			path = JPKitTests;
			sourceTree = "<group>";
		};
		F04A638B1903581F00CA5FD7 /* Supporting Files */ = {
			isa = PBXGroup;
			children = (
				F04A638C1903581F00CA5FD7 /* JPKitTests-Info.plist */,
				F04A638D1903581F00CA5FD7 /* InfoPlist.strings */,
			);
			name = "Supporting Files";
			sourceTree = "<group>";
		};
/* End PBXGroup section */

/* Begin PBXHeadersBuildPhase section */
		F0AC84D41907A8DB009971BB /* Headers */ = {
			isa = PBXHeadersBuildPhase;
			buildActionMask = 2147483647;
			files = (
				F0AC84D81907AAED009971BB /* JPKit-Prefix.pch in Headers */,
				F0AC84D51907A8EE009971BB /* JPKit.h in Headers */,
				F0AC84D61907A8F0009971BB /* UIView+JPKitFrameAdditions.h in Headers */,
				A5EDA954406328515AE04DB2 /* JPModel.h in Headers */,
				A5EDA36B9AD2A151FC721A41 /* JPModelMap.h in Headers */,
				A5EDAB1BEEEF0C92DF133CB8 /* JPModelMapManager.h in Headers */,
				A5EDAF9A87ADD2600519ED50 /* NSString+JPAdditions.h in Headers */,
				A5EDA10577C8B6B91892FEB6 /* JPModelManager.h in Headers */,
				A5EDA7FA192F67BAA089A26F /* NSObject+JPAdditions_AutoDescription.h in Headers */,
				A5EDAD1F940434ADD8E950B8 /* NSObject+JPAdditions_Reflection.h in Headers */,
				A5EDADFED04158A7C2D9E756 /* JPLayoutModel.h in Headers */,
			);
			runOnlyForDeploymentPostprocessing = 0;
		};
/* End PBXHeadersBuildPhase section */

/* Begin PBXNativeTarget section */
		F04A63701903581E00CA5FD7 /* JPKit */ = {
			isa = PBXNativeTarget;
			buildConfigurationList = F04A63941903581F00CA5FD7 /* Build configuration list for PBXNativeTarget "JPKit" */;
			buildPhases = (
				F04A636D1903581E00CA5FD7 /* Sources */,
				F04A636E1903581E00CA5FD7 /* Frameworks */,
				F04A636F1903581E00CA5FD7 /* CopyFiles */,
				F0AC84D41907A8DB009971BB /* Headers */,
			);
			buildRules = (
			);
			dependencies = (
			);
			name = JPKit;
			productName = JPKit;
			productReference = F04A63711903581E00CA5FD7 /* libJPKit.a */;
			productType = "com.apple.product-type.library.static";
		};
		F04A63801903581F00CA5FD7 /* JPKitTests */ = {
			isa = PBXNativeTarget;
			buildConfigurationList = F04A63971903581F00CA5FD7 /* Build configuration list for PBXNativeTarget "JPKitTests" */;
			buildPhases = (
				F04A637D1903581F00CA5FD7 /* Sources */,
				F04A637E1903581F00CA5FD7 /* Frameworks */,
				F04A637F1903581F00CA5FD7 /* Resources */,
			);
			buildRules = (
			);
			dependencies = (
				F04A63881903581F00CA5FD7 /* PBXTargetDependency */,
			);
			name = JPKitTests;
			productName = JPKitTests;
			productReference = F04A63811903581F00CA5FD7 /* JPKitTests.xctest */;
			productType = "com.apple.product-type.bundle.unit-test";
		};
/* End PBXNativeTarget section */

/* Begin PBXProject section */
		F04A63691903581E00CA5FD7 /* Project object */ = {
			isa = PBXProject;
			attributes = {
				LastUpgradeCheck = 0510;
				ORGANIZATIONNAME = "JP McGlone";
			};
			buildConfigurationList = F04A636C1903581E00CA5FD7 /* Build configuration list for PBXProject "JPKit" */;
			compatibilityVersion = "Xcode 3.2";
			developmentRegion = English;
			hasScannedForEncodings = 0;
			knownRegions = (
				en,
			);
			mainGroup = F04A63681903581E00CA5FD7;
			productRefGroup = F04A63721903581E00CA5FD7 /* Products */;
			projectDirPath = "";
			projectRoot = "";
			targets = (
				F04A63701903581E00CA5FD7 /* JPKit */,
				F04A63801903581F00CA5FD7 /* JPKitTests */,
			);
		};
/* End PBXProject section */

/* Begin PBXResourcesBuildPhase section */
		F04A637F1903581F00CA5FD7 /* Resources */ = {
			isa = PBXResourcesBuildPhase;
			buildActionMask = 2147483647;
			files = (
				F0AC84DB1908E542009971BB /* people.json in Resources */,
				F04A638F1903581F00CA5FD7 /* InfoPlist.strings in Resources */,
			);
			runOnlyForDeploymentPostprocessing = 0;
		};
/* End PBXResourcesBuildPhase section */

/* Begin PBXSourcesBuildPhase section */
		F04A636D1903581E00CA5FD7 /* Sources */ = {
			isa = PBXSourcesBuildPhase;
			buildActionMask = 2147483647;
			files = (
				A5EDA2B8A3B21FDD158FDDFC /* UIView+JPKitFrameAdditions.m in Sources */,
				A5EDA79A78324AAF3FAACA3A /* JPModel.m in Sources */,
				A5EDAC5D7A8744D9B25F627F /* JPModelMap.m in Sources */,
				A5EDAF61328F76F2C180EFE7 /* NSString+JPAdditions.m in Sources */,
				A5EDA00FB591ED4DEAD02B97 /* JPModelMapManager.m in Sources */,
				A5EDA2593991E581AA0770EF /* JPModelManager.m in Sources */,
				A5EDAC724751D64EC8D1F475 /* NSObject+JPAdditions_AutoDescription.m in Sources */,
				A5EDAAB8D4360C736591C64C /* NSObject+JPAdditions_Reflection.m in Sources */,
				A5EDAAA11B1673A4C2E20DDB /* JPLayoutModel.m in Sources */,
			);
			runOnlyForDeploymentPostprocessing = 0;
		};
		F04A637D1903581F00CA5FD7 /* Sources */ = {
			isa = PBXSourcesBuildPhase;
			buildActionMask = 2147483647;
			files = (
				A5EDA8C77DB30D03CF46B418 /* UIView+JPKitFrameAdditions.m in Sources */,
				A5EDAFBA8D81883AC63A3307 /* Tests_UIView_JPKitFrameAdditions.m in Sources */,
				A5EDAFFC4EDB36415E7B40E9 /* JPModelMap.m in Sources */,
				A5EDA80EC888ABB508B8B3C3 /* NSString+JPAdditions.m in Sources */,
				A5EDA361C34962083D70962D /* Tests_JPModels.m in Sources */,
				A5EDA0774857A4DE8C34051C /* Person.m in Sources */,
				A5EDA36067D6694274F39363 /* JPModelMapManager.m in Sources */,
				A5EDA49D8F221FAE4F4A2260 /* JPModelManager.m in Sources */,
				A5EDA12147A7CA27CFEB00B3 /* NSObject+JPAdditions_AutoDescription.m in Sources */,
				A5EDA651501C4E11712B6032 /* Tests_NSObject_JPAdditions_AutoDescription.m in Sources */,
				A5EDA48642D001611B5D6EE9 /* NSObject+JPAdditions_Reflection.m in Sources */,
				A5EDA55528D7F02D19DFE4AB /* JPLayoutModel.m in Sources */,
				A5EDA2ABCD7655B65F50B2E8 /* Tests_JPLayout.m in Sources */,
			);
			runOnlyForDeploymentPostprocessing = 0;
		};
/* End PBXSourcesBuildPhase section */

/* Begin PBXTargetDependency section */
		F04A63881903581F00CA5FD7 /* PBXTargetDependency */ = {
			isa = PBXTargetDependency;
			target = F04A63701903581E00CA5FD7 /* JPKit */;
			targetProxy = F04A63871903581F00CA5FD7 /* PBXContainerItemProxy */;
		};
/* End PBXTargetDependency section */

/* Begin PBXVariantGroup section */
		F04A638D1903581F00CA5FD7 /* InfoPlist.strings */ = {
			isa = PBXVariantGroup;
			children = (
				F04A638E1903581F00CA5FD7 /* en */,
			);
			name = InfoPlist.strings;
			sourceTree = "<group>";
		};
/* End PBXVariantGroup section */

/* Begin XCBuildConfiguration section */
		F04A63921903581F00CA5FD7 /* Debug */ = {
			isa = XCBuildConfiguration;
			buildSettings = {
				ALWAYS_SEARCH_USER_PATHS = NO;
				CLANG_CXX_LANGUAGE_STANDARD = "gnu++0x";
				CLANG_CXX_LIBRARY = "libc++";
				CLANG_ENABLE_MODULES = YES;
				CLANG_ENABLE_OBJC_ARC = YES;
				CLANG_WARN_BOOL_CONVERSION = YES;
				CLANG_WARN_CONSTANT_CONVERSION = YES;
				CLANG_WARN_DIRECT_OBJC_ISA_USAGE = YES_ERROR;
				CLANG_WARN_EMPTY_BODY = YES;
				CLANG_WARN_ENUM_CONVERSION = YES;
				CLANG_WARN_INT_CONVERSION = YES;
				CLANG_WARN_OBJC_ROOT_CLASS = YES_ERROR;
				CLANG_WARN__DUPLICATE_METHOD_MATCH = YES;
				COPY_PHASE_STRIP = NO;
				GCC_C_LANGUAGE_STANDARD = gnu99;
				GCC_DYNAMIC_NO_PIC = NO;
				GCC_OPTIMIZATION_LEVEL = 0;
				GCC_PREPROCESSOR_DEFINITIONS = (
					"DEBUG=1",
					"$(inherited)",
				);
				GCC_SYMBOLS_PRIVATE_EXTERN = NO;
				GCC_WARN_64_TO_32_BIT_CONVERSION = YES;
				GCC_WARN_ABOUT_RETURN_TYPE = YES_ERROR;
				GCC_WARN_UNDECLARED_SELECTOR = YES;
				GCC_WARN_UNINITIALIZED_AUTOS = YES_AGGRESSIVE;
				GCC_WARN_UNUSED_FUNCTION = YES;
				GCC_WARN_UNUSED_VARIABLE = YES;
				IPHONEOS_DEPLOYMENT_TARGET = 7.1;
				ONLY_ACTIVE_ARCH = YES;
				SDKROOT = iphoneos;
			};
			name = Debug;
		};
		F04A63931903581F00CA5FD7 /* Release */ = {
			isa = XCBuildConfiguration;
			buildSettings = {
				ALWAYS_SEARCH_USER_PATHS = NO;
				CLANG_CXX_LANGUAGE_STANDARD = "gnu++0x";
				CLANG_CXX_LIBRARY = "libc++";
				CLANG_ENABLE_MODULES = YES;
				CLANG_ENABLE_OBJC_ARC = YES;
				CLANG_WARN_BOOL_CONVERSION = YES;
				CLANG_WARN_CONSTANT_CONVERSION = YES;
				CLANG_WARN_DIRECT_OBJC_ISA_USAGE = YES_ERROR;
				CLANG_WARN_EMPTY_BODY = YES;
				CLANG_WARN_ENUM_CONVERSION = YES;
				CLANG_WARN_INT_CONVERSION = YES;
				CLANG_WARN_OBJC_ROOT_CLASS = YES_ERROR;
				CLANG_WARN__DUPLICATE_METHOD_MATCH = YES;
				COPY_PHASE_STRIP = YES;
				ENABLE_NS_ASSERTIONS = NO;
				GCC_C_LANGUAGE_STANDARD = gnu99;
				GCC_WARN_64_TO_32_BIT_CONVERSION = YES;
				GCC_WARN_ABOUT_RETURN_TYPE = YES_ERROR;
				GCC_WARN_UNDECLARED_SELECTOR = YES;
				GCC_WARN_UNINITIALIZED_AUTOS = YES_AGGRESSIVE;
				GCC_WARN_UNUSED_FUNCTION = YES;
				GCC_WARN_UNUSED_VARIABLE = YES;
				IPHONEOS_DEPLOYMENT_TARGET = 7.1;
				SDKROOT = iphoneos;
				VALIDATE_PRODUCT = YES;
			};
			name = Release;
		};
		F04A63951903581F00CA5FD7 /* Debug */ = {
			isa = XCBuildConfiguration;
			buildSettings = {
				DSTROOT = /tmp/JPKit.dst;
				GCC_PRECOMPILE_PREFIX_HEADER = YES;
				GCC_PREFIX_HEADER = "JPKit/JPKit-Prefix.pch";
				OTHER_LDFLAGS = "-ObjC";
				PRODUCT_NAME = "$(TARGET_NAME)";
				SKIP_INSTALL = YES;
			};
			name = Debug;
		};
		F04A63961903581F00CA5FD7 /* Release */ = {
			isa = XCBuildConfiguration;
			buildSettings = {
				DSTROOT = /tmp/JPKit.dst;
				GCC_PRECOMPILE_PREFIX_HEADER = YES;
				GCC_PREFIX_HEADER = "JPKit/JPKit-Prefix.pch";
				OTHER_LDFLAGS = "-ObjC";
				PRODUCT_NAME = "$(TARGET_NAME)";
				SKIP_INSTALL = YES;
			};
			name = Release;
		};
		F04A63981903581F00CA5FD7 /* Debug */ = {
			isa = XCBuildConfiguration;
			buildSettings = {
				FRAMEWORK_SEARCH_PATHS = (
					"$(SDKROOT)/Developer/Library/Frameworks",
					"$(inherited)",
					"$(DEVELOPER_FRAMEWORKS_DIR)",
				);
				GCC_PRECOMPILE_PREFIX_HEADER = YES;
				GCC_PREFIX_HEADER = "JPKit/JPKit-Prefix.pch";
				GCC_PREPROCESSOR_DEFINITIONS = (
					"DEBUG=1",
					"$(inherited)",
				);
				INFOPLIST_FILE = "JPKitTests/JPKitTests-Info.plist";
				PRODUCT_NAME = "$(TARGET_NAME)";
				WRAPPER_EXTENSION = xctest;
			};
			name = Debug;
		};
		F04A63991903581F00CA5FD7 /* Release */ = {
			isa = XCBuildConfiguration;
			buildSettings = {
				FRAMEWORK_SEARCH_PATHS = (
					"$(SDKROOT)/Developer/Library/Frameworks",
					"$(inherited)",
					"$(DEVELOPER_FRAMEWORKS_DIR)",
				);
				GCC_PRECOMPILE_PREFIX_HEADER = YES;
				GCC_PREFIX_HEADER = "JPKit/JPKit-Prefix.pch";
				INFOPLIST_FILE = "JPKitTests/JPKitTests-Info.plist";
				PRODUCT_NAME = "$(TARGET_NAME)";
				WRAPPER_EXTENSION = xctest;
			};
			name = Release;
		};
/* End XCBuildConfiguration section */

/* Begin XCConfigurationList section */
		F04A636C1903581E00CA5FD7 /* Build configuration list for PBXProject "JPKit" */ = {
			isa = XCConfigurationList;
			buildConfigurations = (
				F04A63921903581F00CA5FD7 /* Debug */,
				F04A63931903581F00CA5FD7 /* Release */,
			);
			defaultConfigurationIsVisible = 0;
			defaultConfigurationName = Release;
		};
		F04A63941903581F00CA5FD7 /* Build configuration list for PBXNativeTarget "JPKit" */ = {
			isa = XCConfigurationList;
			buildConfigurations = (
				F04A63951903581F00CA5FD7 /* Debug */,
				F04A63961903581F00CA5FD7 /* Release */,
			);
			defaultConfigurationIsVisible = 0;
			defaultConfigurationName = Release;
		};
		F04A63971903581F00CA5FD7 /* Build configuration list for PBXNativeTarget "JPKitTests" */ = {
			isa = XCConfigurationList;
			buildConfigurations = (
				F04A63981903581F00CA5FD7 /* Debug */,
				F04A63991903581F00CA5FD7 /* Release */,
			);
			defaultConfigurationIsVisible = 0;
			defaultConfigurationName = Release;
		};
/* End XCConfigurationList section */
	};
	rootObject = F04A63691903581E00CA5FD7 /* Project object */;
}
